// !$*UTF8*$!
{
	archiveVersion = 1;
	classes = {
	};
	objectVersion = 48;
	objects = {

/* Begin PBXBuildFile section */
		020C4AD724369C92000DCC58 /* TODO.rtf in Resources */ = {isa = PBXBuildFile; fileRef = 020C4AD624369C92000DCC58 /* TODO.rtf */; };
		020C4ADB24374B1D000DCC58 /* UIDatePickerMonthYear.swift in Sources */ = {isa = PBXBuildFile; fileRef = 020C4ADA24374B1D000DCC58 /* UIDatePickerMonthYear.swift */; };
		021964B72094333F009A43A6 /* AppDelegate.swift in Sources */ = {isa = PBXBuildFile; fileRef = 021964B62094333F009A43A6 /* AppDelegate.swift */; };
		021964BE2094333F009A43A6 /* Assets.xcassets in Resources */ = {isa = PBXBuildFile; fileRef = 021964BD2094333F009A43A6 /* Assets.xcassets */; };
		021ABB72247785D000B20F81 /* CalendarEditEntryVC.swift in Sources */ = {isa = PBXBuildFile; fileRef = 021ABB71247785D000B20F81 /* CalendarEditEntryVC.swift */; };
		021ABB77247890EB00B20F81 /* ExtensionUITableViewCell.swift in Sources */ = {isa = PBXBuildFile; fileRef = 021ABB76247890EB00B20F81 /* ExtensionUITableViewCell.swift */; };
		02202DBD231B32DC00FAAFC4 /* MyEnums.swift in Sources */ = {isa = PBXBuildFile; fileRef = 02202DBC231B32DC00FAAFC4 /* MyEnums.swift */; };
		02202DC6231C69B200FAAFC4 /* PieChart.swift in Sources */ = {isa = PBXBuildFile; fileRef = 02202DC5231C69B200FAAFC4 /* PieChart.swift */; };
		02202DC7231C69B200FAAFC4 /* ChartsCVC.swift in Sources */ = {isa = PBXBuildFile; fileRef = 02202DC4231C69B200FAAFC4 /* ChartsCVC.swift */; };
		022047912100C181002F6E9B /* DSC_1336.JPG in Resources */ = {isa = PBXBuildFile; fileRef = 022047902100C181002F6E9B /* DSC_1336.JPG */; };
		0220479C2100EB96002F6E9B /* SearchVc.swift in Sources */ = {isa = PBXBuildFile; fileRef = 0220479B2100EB96002F6E9B /* SearchVc.swift */; };
		02235A4A231AF6550005B9AC /* IMG_9671.jpg in Resources */ = {isa = PBXBuildFile; fileRef = 02235A49231AF6550005B9AC /* IMG_9671.jpg */; };
		0232912E247DB619001307FC /* ExtensionUILabel.swift in Sources */ = {isa = PBXBuildFile; fileRef = 0232912D247DB619001307FC /* ExtensionUILabel.swift */; };
		02329130247DC701001307FC /* ExtensionUITextView.swift in Sources */ = {isa = PBXBuildFile; fileRef = 0232912F247DC701001307FC /* ExtensionUITextView.swift */; };
		0232D92E238F5A710023BFA8 /* Database.swift in Sources */ = {isa = PBXBuildFile; fileRef = 0232D92D238F5A710023BFA8 /* Database.swift */; };
		024B266023B3F8E900DE1584 /* CalendarCVC.swift in Sources */ = {isa = PBXBuildFile; fileRef = 024B265F23B3F8E900DE1584 /* CalendarCVC.swift */; };
		024B266223B45E0500DE1584 /* CalendarCVCCell.swift in Sources */ = {isa = PBXBuildFile; fileRef = 024B266123B45E0500DE1584 /* CalendarCVCCell.swift */; };
		024E34FC23DB71260059AA0A /* CalendarView.swift in Sources */ = {isa = PBXBuildFile; fileRef = 024E34FB23DB71260059AA0A /* CalendarView.swift */; };
		0266A55923429B6800025226 /* AddExpenseCVC.swift in Sources */ = {isa = PBXBuildFile; fileRef = 0266A55823429B6800025226 /* AddExpenseCVC.swift */; };
		02671EA12409AEF10074AF8C /* CalendarTVCell.swift in Sources */ = {isa = PBXBuildFile; fileRef = 02671EA02409AEF10074AF8C /* CalendarTVCell.swift */; };
		027248DD238F42C1003A23E9 /* DatabaseEnums.swift in Sources */ = {isa = PBXBuildFile; fileRef = 027248DC238F42C1003A23E9 /* DatabaseEnums.swift */; };
		0272E10523593B280046A516 /* UserDatabase.db in Resources */ = {isa = PBXBuildFile; fileRef = 0272E10423593B280046A516 /* UserDatabase.db */; };
		02886EE62352B82F006F7B8D /* AddExpenseCVCCell.swift in Sources */ = {isa = PBXBuildFile; fileRef = 02886EE52352B82F006F7B8D /* AddExpenseCVCCell.swift */; };
		02886EE82352C30A006F7B8D /* ChartsCVCCell.swift in Sources */ = {isa = PBXBuildFile; fileRef = 02886EE72352C30A006F7B8D /* ChartsCVCCell.swift */; };
		0296F92D23C3DFE200C92A9E /* UITextFieldNoMenu.swift in Sources */ = {isa = PBXBuildFile; fileRef = 0296F92C23C3DFE200C92A9E /* UITextFieldNoMenu.swift */; };
		029B4E8721E1DACD00882705 /* TabBar.swift in Sources */ = {isa = PBXBuildFile; fileRef = 029B4E8621E1DACD00882705 /* TabBar.swift */; };
		02A5B2FB210F61DA00486DE5 /* plant_picture.JPG in Resources */ = {isa = PBXBuildFile; fileRef = 02A5B2FA210F61DA00486DE5 /* plant_picture.JPG */; };
		02AB81CA24708FCA009588C2 /* ExtensionUITextField.swift in Sources */ = {isa = PBXBuildFile; fileRef = 02AB81C924708FCA009588C2 /* ExtensionUITextField.swift */; };
		02F2590D23CD053000167904 /* ExtensionDate.swift in Sources */ = {isa = PBXBuildFile; fileRef = 02F2590C23CD053000167904 /* ExtensionDate.swift */; };
		02F2591023CD057E00167904 /* ExtensionUIImage.swift in Sources */ = {isa = PBXBuildFile; fileRef = 02F2590F23CD057E00167904 /* ExtensionUIImage.swift */; };
		02F2591223CD059600167904 /* ExtensionUIButton.swift in Sources */ = {isa = PBXBuildFile; fileRef = 02F2591123CD059600167904 /* ExtensionUIButton.swift */; };
		02F2591423CD05C000167904 /* ExtensionUIViewController.swift in Sources */ = {isa = PBXBuildFile; fileRef = 02F2591323CD05C000167904 /* ExtensionUIViewController.swift */; };
		02F2591623CD05D300167904 /* ExtensionUIColor.swift in Sources */ = {isa = PBXBuildFile; fileRef = 02F2591523CD05D300167904 /* ExtensionUIColor.swift */; };
		02F2591823CD05ED00167904 /* ExtensionString.swift in Sources */ = {isa = PBXBuildFile; fileRef = 02F2591723CD05ED00167904 /* ExtensionString.swift */; };
		02F8515823F72F1F0059743E /* CalendarTV.swift in Sources */ = {isa = PBXBuildFile; fileRef = 02F8515723F72F1F0059743E /* CalendarTV.swift */; };
/* End PBXBuildFile section */

/* Begin PBXFileReference section */
		020C4AD624369C92000DCC58 /* TODO.rtf */ = {isa = PBXFileReference; lastKnownFileType = text.rtf; path = TODO.rtf; sourceTree = "<group>"; };
		020C4ADA24374B1D000DCC58 /* UIDatePickerMonthYear.swift */ = {isa = PBXFileReference; lastKnownFileType = sourcecode.swift; path = UIDatePickerMonthYear.swift; sourceTree = "<group>"; };
		021964B32094333F009A43A6 /* Pocket.app */ = {isa = PBXFileReference; explicitFileType = wrapper.application; includeInIndex = 0; path = Pocket.app; sourceTree = BUILT_PRODUCTS_DIR; };
		021964B62094333F009A43A6 /* AppDelegate.swift */ = {isa = PBXFileReference; lastKnownFileType = sourcecode.swift; path = AppDelegate.swift; sourceTree = "<group>"; };
		021964BD2094333F009A43A6 /* Assets.xcassets */ = {isa = PBXFileReference; lastKnownFileType = folder.assetcatalog; path = Assets.xcassets; sourceTree = "<group>"; };
		021964C22094333F009A43A6 /* Info.plist */ = {isa = PBXFileReference; lastKnownFileType = text.plist.xml; path = Info.plist; sourceTree = "<group>"; };
		021964CB2094333F009A43A6 /* PlantsTests.swift */ = {isa = PBXFileReference; lastKnownFileType = sourcecode.swift; path = PlantsTests.swift; sourceTree = "<group>"; };
		021964CD2094333F009A43A6 /* Info.plist */ = {isa = PBXFileReference; lastKnownFileType = text.plist.xml; path = Info.plist; sourceTree = "<group>"; };
		021964D62094333F009A43A6 /* PocketUITests.swift */ = {isa = PBXFileReference; lastKnownFileType = sourcecode.swift; path = PocketUITests.swift; sourceTree = "<group>"; };
		021964D82094333F009A43A6 /* Info.plist */ = {isa = PBXFileReference; lastKnownFileType = text.plist.xml; path = Info.plist; sourceTree = "<group>"; };
		021ABB71247785D000B20F81 /* CalendarEditEntryVC.swift */ = {isa = PBXFileReference; lastKnownFileType = sourcecode.swift; path = CalendarEditEntryVC.swift; sourceTree = "<group>"; };
		021ABB76247890EB00B20F81 /* ExtensionUITableViewCell.swift */ = {isa = PBXFileReference; lastKnownFileType = sourcecode.swift; path = ExtensionUITableViewCell.swift; sourceTree = "<group>"; };
		02202DBC231B32DC00FAAFC4 /* MyEnums.swift */ = {isa = PBXFileReference; lastKnownFileType = sourcecode.swift; path = MyEnums.swift; sourceTree = "<group>"; };
		02202DC4231C69B200FAAFC4 /* ChartsCVC.swift */ = {isa = PBXFileReference; lastKnownFileType = sourcecode.swift; path = ChartsCVC.swift; sourceTree = "<group>"; };
		02202DC5231C69B200FAAFC4 /* PieChart.swift */ = {isa = PBXFileReference; lastKnownFileType = sourcecode.swift; path = PieChart.swift; sourceTree = "<group>"; };
		022047902100C181002F6E9B /* DSC_1336.JPG */ = {isa = PBXFileReference; lastKnownFileType = image.jpeg; path = DSC_1336.JPG; sourceTree = "<group>"; };
		0220479B2100EB96002F6E9B /* SearchVc.swift */ = {isa = PBXFileReference; lastKnownFileType = sourcecode.swift; path = SearchVc.swift; sourceTree = "<group>"; };
		02235A49231AF6550005B9AC /* IMG_9671.jpg */ = {isa = PBXFileReference; lastKnownFileType = image.jpeg; path = IMG_9671.jpg; sourceTree = "<group>"; };
		0232912D247DB619001307FC /* ExtensionUILabel.swift */ = {isa = PBXFileReference; fileEncoding = 4; lastKnownFileType = sourcecode.swift; path = ExtensionUILabel.swift; sourceTree = "<group>"; };
		0232912F247DC701001307FC /* ExtensionUITextView.swift */ = {isa = PBXFileReference; lastKnownFileType = sourcecode.swift; path = ExtensionUITextView.swift; sourceTree = "<group>"; };
		0232D92D238F5A710023BFA8 /* Database.swift */ = {isa = PBXFileReference; lastKnownFileType = sourcecode.swift; path = Database.swift; sourceTree = "<group>"; };
		024B265F23B3F8E900DE1584 /* CalendarCVC.swift */ = {isa = PBXFileReference; lastKnownFileType = sourcecode.swift; path = CalendarCVC.swift; sourceTree = "<group>"; };
		024B266123B45E0500DE1584 /* CalendarCVCCell.swift */ = {isa = PBXFileReference; lastKnownFileType = sourcecode.swift; path = CalendarCVCCell.swift; sourceTree = "<group>"; };
		024E34FB23DB71260059AA0A /* CalendarView.swift */ = {isa = PBXFileReference; lastKnownFileType = sourcecode.swift; path = CalendarView.swift; sourceTree = "<group>"; };
		0266A55823429B6800025226 /* AddExpenseCVC.swift */ = {isa = PBXFileReference; lastKnownFileType = sourcecode.swift; path = AddExpenseCVC.swift; sourceTree = "<group>"; };
		02671EA02409AEF10074AF8C /* CalendarTVCell.swift */ = {isa = PBXFileReference; lastKnownFileType = sourcecode.swift; path = CalendarTVCell.swift; sourceTree = "<group>"; };
		027248DC238F42C1003A23E9 /* DatabaseEnums.swift */ = {isa = PBXFileReference; lastKnownFileType = sourcecode.swift; path = DatabaseEnums.swift; sourceTree = "<group>"; };
		0272E10423593B280046A516 /* UserDatabase.db */ = {isa = PBXFileReference; lastKnownFileType = file; path = UserDatabase.db; sourceTree = "<group>"; };
		02886EE52352B82F006F7B8D /* AddExpenseCVCCell.swift */ = {isa = PBXFileReference; lastKnownFileType = sourcecode.swift; path = AddExpenseCVCCell.swift; sourceTree = "<group>"; };
		02886EE72352C30A006F7B8D /* ChartsCVCCell.swift */ = {isa = PBXFileReference; lastKnownFileType = sourcecode.swift; path = ChartsCVCCell.swift; sourceTree = "<group>"; };
		0296F92C23C3DFE200C92A9E /* UITextFieldNoMenu.swift */ = {isa = PBXFileReference; lastKnownFileType = sourcecode.swift; path = UITextFieldNoMenu.swift; sourceTree = "<group>"; };
		029B4E8621E1DACD00882705 /* TabBar.swift */ = {isa = PBXFileReference; lastKnownFileType = sourcecode.swift; path = TabBar.swift; sourceTree = "<group>"; };
		02A5B2FA210F61DA00486DE5 /* plant_picture.JPG */ = {isa = PBXFileReference; lastKnownFileType = image.jpeg; path = plant_picture.JPG; sourceTree = "<group>"; };
		02AB81C924708FCA009588C2 /* ExtensionUITextField.swift */ = {isa = PBXFileReference; lastKnownFileType = sourcecode.swift; path = ExtensionUITextField.swift; sourceTree = "<group>"; };
		02F2590C23CD053000167904 /* ExtensionDate.swift */ = {isa = PBXFileReference; lastKnownFileType = sourcecode.swift; path = ExtensionDate.swift; sourceTree = "<group>"; };
		02F2590F23CD057E00167904 /* ExtensionUIImage.swift */ = {isa = PBXFileReference; lastKnownFileType = sourcecode.swift; path = ExtensionUIImage.swift; sourceTree = "<group>"; };
		02F2591123CD059600167904 /* ExtensionUIButton.swift */ = {isa = PBXFileReference; lastKnownFileType = sourcecode.swift; path = ExtensionUIButton.swift; sourceTree = "<group>"; };
		02F2591323CD05C000167904 /* ExtensionUIViewController.swift */ = {isa = PBXFileReference; lastKnownFileType = sourcecode.swift; path = ExtensionUIViewController.swift; sourceTree = "<group>"; };
		02F2591523CD05D300167904 /* ExtensionUIColor.swift */ = {isa = PBXFileReference; lastKnownFileType = sourcecode.swift; path = ExtensionUIColor.swift; sourceTree = "<group>"; };
		02F2591723CD05ED00167904 /* ExtensionString.swift */ = {isa = PBXFileReference; lastKnownFileType = sourcecode.swift; path = ExtensionString.swift; sourceTree = "<group>"; };
		02F8515723F72F1F0059743E /* CalendarTV.swift */ = {isa = PBXFileReference; lastKnownFileType = sourcecode.swift; path = CalendarTV.swift; sourceTree = "<group>"; };
/* End PBXFileReference section */

/* Begin PBXFrameworksBuildPhase section */
		021964B02094333F009A43A6 /* Frameworks */ = {
			isa = PBXFrameworksBuildPhase;
			buildActionMask = 2147483647;
			files = (
			);
			runOnlyForDeploymentPostprocessing = 0;
		};
/* End PBXFrameworksBuildPhase section */

/* Begin PBXGroup section */
		021964AA2094333F009A43A6 = {
			isa = PBXGroup;
			children = (
				020C4AD624369C92000DCC58 /* TODO.rtf */,
				021964B52094333F009A43A6 /* Pocket */,
				021964CA2094333F009A43A6 /* PocketTests */,
				021964D52094333F009A43A6 /* PocketUITests */,
				021964B42094333F009A43A6 /* Products */,
			);
			sourceTree = "<group>";
		};
		021964B42094333F009A43A6 /* Products */ = {
			isa = PBXGroup;
			children = (
				021964B32094333F009A43A6 /* Pocket.app */,
			);
			name = Products;
			sourceTree = "<group>";
		};
		021964B52094333F009A43A6 /* Pocket */ = {
			isa = PBXGroup;
			children = (
				021964B62094333F009A43A6 /* AppDelegate.swift */,
				027248D9238F2B5B003A23E9 /* Database */,
				0296F92B23C3DFAB00C92A9E /* CustomClass */,
				02F2590E23CD055700167904 /* Extensions */,
				02D5120C24C81A4400408646 /* Miscellaneous */,
				0220479A2100EB6B002F6E9B /* Views */,
				02202DC5231C69B200FAAFC4 /* PieChart.swift */,
				02202DBC231B32DC00FAAFC4 /* MyEnums.swift */,
				021964C22094333F009A43A6 /* Info.plist */,
				02DE4EF820E7CE0400300F98 /* Resources */,
				021964BD2094333F009A43A6 /* Assets.xcassets */,
			);
			path = Pocket;
			sourceTree = "<group>";
		};
		021964CA2094333F009A43A6 /* PocketTests */ = {
			isa = PBXGroup;
			children = (
				021964CB2094333F009A43A6 /* PlantsTests.swift */,
				021964CD2094333F009A43A6 /* Info.plist */,
			);
			path = PocketTests;
			sourceTree = "<group>";
		};
		021964D52094333F009A43A6 /* PocketUITests */ = {
			isa = PBXGroup;
			children = (
				021964D62094333F009A43A6 /* PocketUITests.swift */,
				021964D82094333F009A43A6 /* Info.plist */,
			);
			path = PocketUITests;
			sourceTree = "<group>";
		};
		021ABB7324779C3000B20F81 /* Cells */ = {
			isa = PBXGroup;
			children = (
				024B266123B45E0500DE1584 /* CalendarCVCCell.swift */,
				02671EA02409AEF10074AF8C /* CalendarTVCell.swift */,
			);
			path = Cells;
			sourceTree = "<group>";
		};
		0220479A2100EB6B002F6E9B /* Views */ = {
			isa = PBXGroup;
			children = (
				02DDC4CC243681E200276F8A /* Calendar */,
				0284EFD924CACC08007B1F67 /* AddExpense */,
				0284EFDA24CACC1C007B1F67 /* Charts */,
			);
			path = Views;
			sourceTree = "<group>";
		};
		027248D9238F2B5B003A23E9 /* Database */ = {
			isa = PBXGroup;
			children = (
				0232D92D238F5A710023BFA8 /* Database.swift */,
				027248DC238F42C1003A23E9 /* DatabaseEnums.swift */,
			);
			path = Database;
			sourceTree = "<group>";
		};
		0284EFD924CACC08007B1F67 /* AddExpense */ = {
			isa = PBXGroup;
			children = (
				02886EE52352B82F006F7B8D /* AddExpenseCVCCell.swift */,
				0266A55823429B6800025226 /* AddExpenseCVC.swift */,
			);
			path = AddExpense;
			sourceTree = "<group>";
		};
		0284EFDA24CACC1C007B1F67 /* Charts */ = {
			isa = PBXGroup;
			children = (
				02886EE72352C30A006F7B8D /* ChartsCVCCell.swift */,
				02202DC4231C69B200FAAFC4 /* ChartsCVC.swift */,
			);
			path = Charts;
			sourceTree = "<group>";
		};
		0296F92B23C3DFAB00C92A9E /* CustomClass */ = {
			isa = PBXGroup;
			children = (
				0296F92C23C3DFE200C92A9E /* UITextFieldNoMenu.swift */,
				020C4ADA24374B1D000DCC58 /* UIDatePickerMonthYear.swift */,
			);
			path = CustomClass;
			sourceTree = "<group>";
		};
		02D5120C24C81A4400408646 /* Miscellaneous */ = {
			isa = PBXGroup;
			children = (
				029B4E8621E1DACD00882705 /* TabBar.swift */,
				0220479B2100EB96002F6E9B /* SearchVc.swift */,
			);
			path = Miscellaneous;
			sourceTree = "<group>";
		};
		02DDC4CC243681E200276F8A /* Calendar */ = {
			isa = PBXGroup;
			children = (
				021ABB7324779C3000B20F81 /* Cells */,
				024E34FB23DB71260059AA0A /* CalendarView.swift */,
				024B265F23B3F8E900DE1584 /* CalendarCVC.swift */,
				02F8515723F72F1F0059743E /* CalendarTV.swift */,
				021ABB71247785D000B20F81 /* CalendarEditEntryVC.swift */,
			);
			path = Calendar;
			sourceTree = "<group>";
		};
		02DE4EF820E7CE0400300F98 /* Resources */ = {
			isa = PBXGroup;
			children = (
				02235A49231AF6550005B9AC /* IMG_9671.jpg */,
				02A5B2FA210F61DA00486DE5 /* plant_picture.JPG */,
				022047902100C181002F6E9B /* DSC_1336.JPG */,
				0272E10423593B280046A516 /* UserDatabase.db */,
			);
			path = Resources;
			sourceTree = "<group>";
		};
		02F2590E23CD055700167904 /* Extensions */ = {
			isa = PBXGroup;
			children = (
				02F2590C23CD053000167904 /* ExtensionDate.swift */,
				02F2591723CD05ED00167904 /* ExtensionString.swift */,
				02F2591123CD059600167904 /* ExtensionUIButton.swift */,
				02F2591523CD05D300167904 /* ExtensionUIColor.swift */,
				02F2590F23CD057E00167904 /* ExtensionUIImage.swift */,
				0232912D247DB619001307FC /* ExtensionUILabel.swift */,
				021ABB76247890EB00B20F81 /* ExtensionUITableViewCell.swift */,
				02AB81C924708FCA009588C2 /* ExtensionUITextField.swift */,
				02F2591323CD05C000167904 /* ExtensionUIViewController.swift */,
				0232912F247DC701001307FC /* ExtensionUITextView.swift */,
			);
			path = Extensions;
			sourceTree = "<group>";
		};
/* End PBXGroup section */

/* Begin PBXNativeTarget section */
		021964B22094333F009A43A6 /* Pocket */ = {
			isa = PBXNativeTarget;
			buildConfigurationList = 021964DB2094333F009A43A6 /* Build configuration list for PBXNativeTarget "Pocket" */;
			buildPhases = (
				021964AF2094333F009A43A6 /* Sources */,
				021964B02094333F009A43A6 /* Frameworks */,
				021964B12094333F009A43A6 /* Resources */,
			);
			buildRules = (
			);
			dependencies = (
			);
			name = Pocket;
			productName = Plants;
			productReference = 021964B32094333F009A43A6 /* Pocket.app */;
			productType = "com.apple.product-type.application";
		};
/* End PBXNativeTarget section */

/* Begin PBXProject section */
		021964AB2094333F009A43A6 /* Project object */ = {
			isa = PBXProject;
			attributes = {
				LastSwiftUpdateCheck = 0900;
				LastUpgradeCheck = 1120;
				ORGANIZATIONNAME = "Leo Huang";
				TargetAttributes = {
					021964B22094333F009A43A6 = {
						CreatedOnToolsVersion = 9.0.1;
						ProvisioningStyle = Automatic;
						SystemCapabilities = {
							com.apple.Maps.iOS = {
								enabled = 0;
							};
						};
					};
				};
			};
			buildConfigurationList = 021964AE2094333F009A43A6 /* Build configuration list for PBXProject "Pocket" */;
			compatibilityVersion = "Xcode 8.0";
			developmentRegion = en;
			hasScannedForEncodings = 0;
			knownRegions = (
				en,
				Base,
			);
			mainGroup = 021964AA2094333F009A43A6;
			productRefGroup = 021964B42094333F009A43A6 /* Products */;
			projectDirPath = "";
			projectRoot = "";
			targets = (
				021964B22094333F009A43A6 /* Pocket */,
			);
		};
/* End PBXProject section */

/* Begin PBXResourcesBuildPhase section */
		021964B12094333F009A43A6 /* Resources */ = {
			isa = PBXResourcesBuildPhase;
			buildActionMask = 2147483647;
			files = (
				021964BE2094333F009A43A6 /* Assets.xcassets in Resources */,
				022047912100C181002F6E9B /* DSC_1336.JPG in Resources */,
				020C4AD724369C92000DCC58 /* TODO.rtf in Resources */,
				02235A4A231AF6550005B9AC /* IMG_9671.jpg in Resources */,
				02A5B2FB210F61DA00486DE5 /* plant_picture.JPG in Resources */,
				0272E10523593B280046A516 /* UserDatabase.db in Resources */,
			);
			runOnlyForDeploymentPostprocessing = 0;
		};
/* End PBXResourcesBuildPhase section */

/* Begin PBXSourcesBuildPhase section */
		021964AF2094333F009A43A6 /* Sources */ = {
			isa = PBXSourcesBuildPhase;
			buildActionMask = 2147483647;
			files = (
				02202DC7231C69B200FAAFC4 /* ChartsCVC.swift in Sources */,
				0232912E247DB619001307FC /* ExtensionUILabel.swift in Sources */,
				02F2591023CD057E00167904 /* ExtensionUIImage.swift in Sources */,
				024E34FC23DB71260059AA0A /* CalendarView.swift in Sources */,
				02F2591423CD05C000167904 /* ExtensionUIViewController.swift in Sources */,
				02671EA12409AEF10074AF8C /* CalendarTVCell.swift in Sources */,
				02F2591623CD05D300167904 /* ExtensionUIColor.swift in Sources */,
				02329130247DC701001307FC /* ExtensionUITextView.swift in Sources */,
				020C4ADB24374B1D000DCC58 /* UIDatePickerMonthYear.swift in Sources */,
				024B266223B45E0500DE1584 /* CalendarCVCCell.swift in Sources */,
				02F2591823CD05ED00167904 /* ExtensionString.swift in Sources */,
				024B266023B3F8E900DE1584 /* CalendarCVC.swift in Sources */,
				0220479C2100EB96002F6E9B /* SearchVc.swift in Sources */,
				02F2591223CD059600167904 /* ExtensionUIButton.swift in Sources */,
				021ABB72247785D000B20F81 /* CalendarEditEntryVC.swift in Sources */,
				02AB81CA24708FCA009588C2 /* ExtensionUITextField.swift in Sources */,
				02202DC6231C69B200FAAFC4 /* PieChart.swift in Sources */,
				02202DBD231B32DC00FAAFC4 /* MyEnums.swift in Sources */,
				021ABB77247890EB00B20F81 /* ExtensionUITableViewCell.swift in Sources */,
				027248DD238F42C1003A23E9 /* DatabaseEnums.swift in Sources */,
				0232D92E238F5A710023BFA8 /* Database.swift in Sources */,
				02F2590D23CD053000167904 /* ExtensionDate.swift in Sources */,
				02886EE82352C30A006F7B8D /* ChartsCVCCell.swift in Sources */,
				029B4E8721E1DACD00882705 /* TabBar.swift in Sources */,
				0266A55923429B6800025226 /* AddExpenseCVC.swift in Sources */,
				021964B72094333F009A43A6 /* AppDelegate.swift in Sources */,
				02886EE62352B82F006F7B8D /* AddExpenseCVCCell.swift in Sources */,
				0296F92D23C3DFE200C92A9E /* UITextFieldNoMenu.swift in Sources */,
				02F8515823F72F1F0059743E /* CalendarTV.swift in Sources */,
			);
			runOnlyForDeploymentPostprocessing = 0;
		};
/* End PBXSourcesBuildPhase section */

/* Begin XCBuildConfiguration section */
		021964D92094333F009A43A6 /* Debug */ = {
			isa = XCBuildConfiguration;
			buildSettings = {
				ALWAYS_SEARCH_USER_PATHS = NO;
				CLANG_ANALYZER_NONNULL = YES;
				CLANG_ANALYZER_NUMBER_OBJECT_CONVERSION = YES_AGGRESSIVE;
				CLANG_CXX_LANGUAGE_STANDARD = "gnu++14";
				CLANG_CXX_LIBRARY = "libc++";
				CLANG_ENABLE_MODULES = YES;
				CLANG_ENABLE_OBJC_ARC = YES;
				CLANG_WARN_BLOCK_CAPTURE_AUTORELEASING = YES;
				CLANG_WARN_BOOL_CONVERSION = YES;
				CLANG_WARN_COMMA = YES;
				CLANG_WARN_CONSTANT_CONVERSION = YES;
				CLANG_WARN_DEPRECATED_OBJC_IMPLEMENTATIONS = YES;
				CLANG_WARN_DIRECT_OBJC_ISA_USAGE = YES_ERROR;
				CLANG_WARN_DOCUMENTATION_COMMENTS = YES;
				CLANG_WARN_EMPTY_BODY = YES;
				CLANG_WARN_ENUM_CONVERSION = YES;
				CLANG_WARN_INFINITE_RECURSION = YES;
				CLANG_WARN_INT_CONVERSION = YES;
				CLANG_WARN_NON_LITERAL_NULL_CONVERSION = YES;
				CLANG_WARN_OBJC_IMPLICIT_RETAIN_SELF = YES;
				CLANG_WARN_OBJC_LITERAL_CONVERSION = YES;
				CLANG_WARN_OBJC_ROOT_CLASS = YES_ERROR;
				CLANG_WARN_RANGE_LOOP_ANALYSIS = YES;
				CLANG_WARN_STRICT_PROTOTYPES = YES;
				CLANG_WARN_SUSPICIOUS_MOVE = YES;
				CLANG_WARN_UNGUARDED_AVAILABILITY = YES_AGGRESSIVE;
				CLANG_WARN_UNREACHABLE_CODE = YES;
				CLANG_WARN__DUPLICATE_METHOD_MATCH = YES;
				CODE_SIGN_IDENTITY = "iPhone Developer";
				COPY_PHASE_STRIP = NO;
				DEBUG_INFORMATION_FORMAT = dwarf;
				ENABLE_STRICT_OBJC_MSGSEND = YES;
				ENABLE_TESTABILITY = YES;
				GCC_C_LANGUAGE_STANDARD = gnu11;
				GCC_DYNAMIC_NO_PIC = NO;
				GCC_NO_COMMON_BLOCKS = YES;
				GCC_OPTIMIZATION_LEVEL = 0;
				GCC_PREPROCESSOR_DEFINITIONS = (
					"DEBUG=1",
					"$(inherited)",
				);
				GCC_WARN_64_TO_32_BIT_CONVERSION = YES;
				GCC_WARN_ABOUT_RETURN_TYPE = YES_ERROR;
				GCC_WARN_UNDECLARED_SELECTOR = YES;
				GCC_WARN_UNINITIALIZED_AUTOS = YES_AGGRESSIVE;
				GCC_WARN_UNUSED_FUNCTION = YES;
				GCC_WARN_UNUSED_VARIABLE = YES;
				IPHONEOS_DEPLOYMENT_TARGET = 13.0;
				MTL_ENABLE_DEBUG_INFO = YES;
				ONLY_ACTIVE_ARCH = YES;
				SDKROOT = iphoneos;
				SWIFT_ACTIVE_COMPILATION_CONDITIONS = DEBUG;
				SWIFT_OPTIMIZATION_LEVEL = "-Onone";
			};
			name = Debug;
		};
		021964DA2094333F009A43A6 /* Release */ = {
			isa = XCBuildConfiguration;
			buildSettings = {
				ALWAYS_SEARCH_USER_PATHS = NO;
				CLANG_ANALYZER_NONNULL = YES;
				CLANG_ANALYZER_NUMBER_OBJECT_CONVERSION = YES_AGGRESSIVE;
				CLANG_CXX_LANGUAGE_STANDARD = "gnu++14";
				CLANG_CXX_LIBRARY = "libc++";
				CLANG_ENABLE_MODULES = YES;
				CLANG_ENABLE_OBJC_ARC = YES;
				CLANG_WARN_BLOCK_CAPTURE_AUTORELEASING = YES;
				CLANG_WARN_BOOL_CONVERSION = YES;
				CLANG_WARN_COMMA = YES;
				CLANG_WARN_CONSTANT_CONVERSION = YES;
				CLANG_WARN_DEPRECATED_OBJC_IMPLEMENTATIONS = YES;
				CLANG_WARN_DIRECT_OBJC_ISA_USAGE = YES_ERROR;
				CLANG_WARN_DOCUMENTATION_COMMENTS = YES;
				CLANG_WARN_EMPTY_BODY = YES;
				CLANG_WARN_ENUM_CONVERSION = YES;
				CLANG_WARN_INFINITE_RECURSION = YES;
				CLANG_WARN_INT_CONVERSION = YES;
				CLANG_WARN_NON_LITERAL_NULL_CONVERSION = YES;
				CLANG_WARN_OBJC_IMPLICIT_RETAIN_SELF = YES;
				CLANG_WARN_OBJC_LITERAL_CONVERSION = YES;
				CLANG_WARN_OBJC_ROOT_CLASS = YES_ERROR;
				CLANG_WARN_RANGE_LOOP_ANALYSIS = YES;
				CLANG_WARN_STRICT_PROTOTYPES = YES;
				CLANG_WARN_SUSPICIOUS_MOVE = YES;
				CLANG_WARN_UNGUARDED_AVAILABILITY = YES_AGGRESSIVE;
				CLANG_WARN_UNREACHABLE_CODE = YES;
				CLANG_WARN__DUPLICATE_METHOD_MATCH = YES;
				CODE_SIGN_IDENTITY = "iPhone Developer";
				COPY_PHASE_STRIP = NO;
				DEBUG_INFORMATION_FORMAT = "dwarf-with-dsym";
				ENABLE_NS_ASSERTIONS = NO;
				ENABLE_STRICT_OBJC_MSGSEND = YES;
				GCC_C_LANGUAGE_STANDARD = gnu11;
				GCC_NO_COMMON_BLOCKS = YES;
				GCC_WARN_64_TO_32_BIT_CONVERSION = YES;
				GCC_WARN_ABOUT_RETURN_TYPE = YES_ERROR;
				GCC_WARN_UNDECLARED_SELECTOR = YES;
				GCC_WARN_UNINITIALIZED_AUTOS = YES_AGGRESSIVE;
				GCC_WARN_UNUSED_FUNCTION = YES;
				GCC_WARN_UNUSED_VARIABLE = YES;
				IPHONEOS_DEPLOYMENT_TARGET = 13.0;
				MTL_ENABLE_DEBUG_INFO = NO;
				SDKROOT = iphoneos;
				SWIFT_OPTIMIZATION_LEVEL = "-Owholemodule";
				VALIDATE_PRODUCT = YES;
			};
			name = Release;
		};
		021964DC2094333F009A43A6 /* Debug */ = {
			isa = XCBuildConfiguration;
			buildSettings = {
				ASSETCATALOG_COMPILER_APPICON_NAME = AppIcon;
				CODE_SIGN_IDENTITY = "iPhone Developer";
				CODE_SIGN_STYLE = Automatic;
				DEVELOPMENT_TEAM = J9V5NC69NK;
				INFOPLIST_FILE = "$(SRCROOT)/Pocket/Info.plist";
				IPHONEOS_DEPLOYMENT_TARGET = 13.0;
				LD_RUNPATH_SEARCH_PATHS = "$(inherited) @executable_path/Frameworks";
				PRODUCT_BUNDLE_IDENTIFIER = com.Assets.Pocket;
				PRODUCT_NAME = "$(TARGET_NAME)";
				PROVISIONING_PROFILE_SPECIFIER = "";
				SWIFT_VERSION = 5.0;
				TARGETED_DEVICE_FAMILY = "1,2";
			};
			name = Debug;
		};
		021964DD2094333F009A43A6 /* Release */ = {
			isa = XCBuildConfiguration;
			buildSettings = {
				ASSETCATALOG_COMPILER_APPICON_NAME = AppIcon;
				CODE_SIGN_IDENTITY = "iPhone Developer";
				CODE_SIGN_STYLE = Automatic;
				DEVELOPMENT_TEAM = J9V5NC69NK;
				INFOPLIST_FILE = "$(SRCROOT)/Pocket/Info.plist";
				IPHONEOS_DEPLOYMENT_TARGET = 13.0;
				LD_RUNPATH_SEARCH_PATHS = "$(inherited) @executable_path/Frameworks";
				PRODUCT_BUNDLE_IDENTIFIER = com.Assets.Pocket;
				PRODUCT_NAME = "$(TARGET_NAME)";
				PROVISIONING_PROFILE_SPECIFIER = "";
				SWIFT_VERSION = 5.0;
				TARGETED_DEVICE_FAMILY = "1,2";
			};
			name = Release;
		};
/* End XCBuildConfiguration section */

/* Begin XCConfigurationList section */
		021964AE2094333F009A43A6 /* Build configuration list for PBXProject "Pocket" */ = {
			isa = XCConfigurationList;
			buildConfigurations = (
				021964D92094333F009A43A6 /* Debug */,
				021964DA2094333F009A43A6 /* Release */,
			);
			defaultConfigurationIsVisible = 0;
			defaultConfigurationName = Release;
		};
		021964DB2094333F009A43A6 /* Build configuration list for PBXNativeTarget "Pocket" */ = {
			isa = XCConfigurationList;
			buildConfigurations = (
				021964DC2094333F009A43A6 /* Debug */,
				021964DD2094333F009A43A6 /* Release */,
			);
			defaultConfigurationIsVisible = 0;
			defaultConfigurationName = Release;
		};
/* End XCConfigurationList section */
	};
	rootObject = 021964AB2094333F009A43A6 /* Project object */;
}
