// !$*UTF8*$!
{
	archiveVersion = 1;
	classes = {
	};
	objectVersion = 52;
	objects = {

/* Begin PBXBuildFile section */
		021263462322F5E400477342 /* User.swift in Sources */ = {isa = PBXBuildFile; fileRef = 021263452322F5E400477342 /* User.swift */; };
		021964B72094333F009A43A6 /* AppDelegate.swift in Sources */ = {isa = PBXBuildFile; fileRef = 021964B62094333F009A43A6 /* AppDelegate.swift */; };
		021964BE2094333F009A43A6 /* Assets.xcassets in Resources */ = {isa = PBXBuildFile; fileRef = 021964BD2094333F009A43A6 /* Assets.xcassets */; };
		021964CC2094333F009A43A6 /* PlantsTests.swift in Sources */ = {isa = PBXBuildFile; fileRef = 021964CB2094333F009A43A6 /* PlantsTests.swift */; };
		021964D72094333F009A43A6 /* PocketUITests.swift in Sources */ = {isa = PBXBuildFile; fileRef = 021964D62094333F009A43A6 /* PocketUITests.swift */; };
		02202DBD231B32DC00FAAFC4 /* MyEnums.swift in Sources */ = {isa = PBXBuildFile; fileRef = 02202DBC231B32DC00FAAFC4 /* MyEnums.swift */; };
		02202DC6231C69B200FAAFC4 /* PieChart.swift in Sources */ = {isa = PBXBuildFile; fileRef = 02202DC5231C69B200FAAFC4 /* PieChart.swift */; };
		02202DC7231C69B200FAAFC4 /* ExpensesCVC.swift in Sources */ = {isa = PBXBuildFile; fileRef = 02202DC4231C69B200FAAFC4 /* ExpensesCVC.swift */; };
		022047912100C181002F6E9B /* DSC_1336.JPG in Resources */ = {isa = PBXBuildFile; fileRef = 022047902100C181002F6E9B /* DSC_1336.JPG */; };
		022047972100CF26002F6E9B /* MyUtils.swift in Sources */ = {isa = PBXBuildFile; fileRef = 022047962100CF26002F6E9B /* MyUtils.swift */; };
		02235A422319E9950005B9AC /* testTextImage.jpg in Resources */ = {isa = PBXBuildFile; fileRef = 02235A412319E9950005B9AC /* testTextImage.jpg */; };
		02235A48231AF56A0005B9AC /* IMG_9669.JPG in Resources */ = {isa = PBXBuildFile; fileRef = 02235A46231AF56A0005B9AC /* IMG_9669.JPG */; };
		02235A4A231AF6550005B9AC /* IMG_9671.jpg in Resources */ = {isa = PBXBuildFile; fileRef = 02235A49231AF6550005B9AC /* IMG_9671.jpg */; };
		023363F120FE417800A99F27 /* SearchCell.swift in Sources */ = {isa = PBXBuildFile; fileRef = 023363F020FE417800A99F27 /* SearchCell.swift */; };
		0251124520E7E7E300C12D56 /* Plants.db in Resources */ = {isa = PBXBuildFile; fileRef = 0251124420E7E7E300C12D56 /* Plants.db */; };
		0251C8E62318BE46002E2311 /* GoogleService-Info.plist in Resources */ = {isa = PBXBuildFile; fileRef = 0251C8E52318BE46002E2311 /* GoogleService-Info.plist */; };
		0251C8E72318BE46002E2311 /* GoogleService-Info.plist in Resources */ = {isa = PBXBuildFile; fileRef = 0251C8E52318BE46002E2311 /* GoogleService-Info.plist */; };
		0251C8E82318BE46002E2311 /* GoogleService-Info.plist in Resources */ = {isa = PBXBuildFile; fileRef = 0251C8E52318BE46002E2311 /* GoogleService-Info.plist */; };
		0266A55923429B6800025226 /* AddExpenseCVC.swift in Sources */ = {isa = PBXBuildFile; fileRef = 0266A55823429B6800025226 /* AddExpenseCVC.swift */; };
		0272E10523593B280046A516 /* UserDatabase.db in Resources */ = {isa = PBXBuildFile; fileRef = 0272E10423593B280046A516 /* UserDatabase.db */; };
		0272E10C235E6F070046A516 /* SwiftKueryORM in Frameworks */ = {isa = PBXBuildFile; productRef = 0272E10B235E6F070046A516 /* SwiftKueryORM */; };
		0272E10E235E78920046A516 /* UserDatabaseStruct.swift in Sources */ = {isa = PBXBuildFile; fileRef = 0272E10D235E78920046A516 /* UserDatabaseStruct.swift */; };
		0272E111235E7B0A0046A516 /* SwiftKuerySQLite in Frameworks */ = {isa = PBXBuildFile; productRef = 0272E110235E7B0A0046A516 /* SwiftKuerySQLite */; };
		02886EE62352B82F006F7B8D /* AddExpenseCVCCell.swift in Sources */ = {isa = PBXBuildFile; fileRef = 02886EE52352B82F006F7B8D /* AddExpenseCVCCell.swift */; };
		02886EE82352C30A006F7B8D /* ExpensesCVCCell.swift in Sources */ = {isa = PBXBuildFile; fileRef = 02886EE72352C30A006F7B8D /* ExpensesCVCCell.swift */; };
		029B4E8721E1DACD00882705 /* TabBar.swift in Sources */ = {isa = PBXBuildFile; fileRef = 029B4E8621E1DACD00882705 /* TabBar.swift */; };
		02A5B2FB210F61DA00486DE5 /* plant_picture.JPG in Resources */ = {isa = PBXBuildFile; fileRef = 02A5B2FA210F61DA00486DE5 /* plant_picture.JPG */; };
		02A5B2FD210F6CA100486DE5 /* PlantInfoCell.swift in Sources */ = {isa = PBXBuildFile; fileRef = 02A5B2FC210F6CA100486DE5 /* PlantInfoCell.swift */; };
		02F2F321237F95F90045F17E /* DatabaseEnums.swift in Sources */ = {isa = PBXBuildFile; fileRef = 02F2F320237F95F90045F17E /* DatabaseEnums.swift */; };
		0DBF74FDD565A0A37345B635 /* Pods_Pocket.framework in Frameworks */ = {isa = PBXBuildFile; fileRef = 5C1A3449BEED2B8CBB59F63D /* Pods_Pocket.framework */; };
		30B5DC7DE79E316368F25690 /* Pods_PocketTests.framework in Frameworks */ = {isa = PBXBuildFile; fileRef = A777A3CC0721C1ADF70B77E2 /* Pods_PocketTests.framework */; };
		8BE8A549587295D0FF6B7B77 /* Pods_PocketUITests.framework in Frameworks */ = {isa = PBXBuildFile; fileRef = 1FE8D04FE06BF67174390CCD /* Pods_PocketUITests.framework */; };
/* End PBXBuildFile section */

/* Begin PBXContainerItemProxy section */
		021964C82094333F009A43A6 /* PBXContainerItemProxy */ = {
			isa = PBXContainerItemProxy;
			containerPortal = 021964AB2094333F009A43A6 /* Project object */;
			proxyType = 1;
			remoteGlobalIDString = 021964B22094333F009A43A6;
			remoteInfo = Plants;
		};
		021964D32094333F009A43A6 /* PBXContainerItemProxy */ = {
			isa = PBXContainerItemProxy;
			containerPortal = 021964AB2094333F009A43A6 /* Project object */;
			proxyType = 1;
			remoteGlobalIDString = 021964B22094333F009A43A6;
			remoteInfo = Plants;
		};
/* End PBXContainerItemProxy section */

/* Begin PBXFileReference section */
		021263452322F5E400477342 /* User.swift */ = {isa = PBXFileReference; lastKnownFileType = sourcecode.swift; path = User.swift; sourceTree = "<group>"; };
		021964B32094333F009A43A6 /* Pocket.app */ = {isa = PBXFileReference; explicitFileType = wrapper.application; includeInIndex = 0; path = Pocket.app; sourceTree = BUILT_PRODUCTS_DIR; };
		021964B62094333F009A43A6 /* AppDelegate.swift */ = {isa = PBXFileReference; lastKnownFileType = sourcecode.swift; path = AppDelegate.swift; sourceTree = "<group>"; };
		021964BD2094333F009A43A6 /* Assets.xcassets */ = {isa = PBXFileReference; lastKnownFileType = folder.assetcatalog; path = Assets.xcassets; sourceTree = "<group>"; };
		021964C22094333F009A43A6 /* Info.plist */ = {isa = PBXFileReference; lastKnownFileType = text.plist.xml; path = Info.plist; sourceTree = "<group>"; };
		021964C72094333F009A43A6 /* PocketTests.xctest */ = {isa = PBXFileReference; explicitFileType = wrapper.cfbundle; includeInIndex = 0; path = PocketTests.xctest; sourceTree = BUILT_PRODUCTS_DIR; };
		021964CB2094333F009A43A6 /* PlantsTests.swift */ = {isa = PBXFileReference; lastKnownFileType = sourcecode.swift; path = PlantsTests.swift; sourceTree = "<group>"; };
		021964CD2094333F009A43A6 /* Info.plist */ = {isa = PBXFileReference; lastKnownFileType = text.plist.xml; path = Info.plist; sourceTree = "<group>"; };
		021964D22094333F009A43A6 /* PocketUITests.xctest */ = {isa = PBXFileReference; explicitFileType = wrapper.cfbundle; includeInIndex = 0; path = PocketUITests.xctest; sourceTree = BUILT_PRODUCTS_DIR; };
		021964D62094333F009A43A6 /* PocketUITests.swift */ = {isa = PBXFileReference; lastKnownFileType = sourcecode.swift; path = PocketUITests.swift; sourceTree = "<group>"; };
		021964D82094333F009A43A6 /* Info.plist */ = {isa = PBXFileReference; lastKnownFileType = text.plist.xml; path = Info.plist; sourceTree = "<group>"; };
		02202DBC231B32DC00FAAFC4 /* MyEnums.swift */ = {isa = PBXFileReference; lastKnownFileType = sourcecode.swift; path = MyEnums.swift; sourceTree = "<group>"; };
		02202DC4231C69B200FAAFC4 /* ExpensesCVC.swift */ = {isa = PBXFileReference; lastKnownFileType = sourcecode.swift; path = ExpensesCVC.swift; sourceTree = "<group>"; };
		02202DC5231C69B200FAAFC4 /* PieChart.swift */ = {isa = PBXFileReference; lastKnownFileType = sourcecode.swift; path = PieChart.swift; sourceTree = "<group>"; };
		022047902100C181002F6E9B /* DSC_1336.JPG */ = {isa = PBXFileReference; lastKnownFileType = image.jpeg; path = DSC_1336.JPG; sourceTree = "<group>"; };
		022047962100CF26002F6E9B /* MyUtils.swift */ = {isa = PBXFileReference; lastKnownFileType = sourcecode.swift; path = MyUtils.swift; sourceTree = "<group>"; };
		02235A412319E9950005B9AC /* testTextImage.jpg */ = {isa = PBXFileReference; lastKnownFileType = image.jpeg; path = testTextImage.jpg; sourceTree = "<group>"; };
		02235A46231AF56A0005B9AC /* IMG_9669.JPG */ = {isa = PBXFileReference; lastKnownFileType = image.jpeg; path = IMG_9669.JPG; sourceTree = "<group>"; };
		02235A49231AF6550005B9AC /* IMG_9671.jpg */ = {isa = PBXFileReference; lastKnownFileType = image.jpeg; path = IMG_9671.jpg; sourceTree = "<group>"; };
		023363F020FE417800A99F27 /* SearchCell.swift */ = {isa = PBXFileReference; lastKnownFileType = sourcecode.swift; path = SearchCell.swift; sourceTree = "<group>"; };
		0251124420E7E7E300C12D56 /* Plants.db */ = {isa = PBXFileReference; lastKnownFileType = file; path = Plants.db; sourceTree = "<group>"; };
		0251C8E52318BE46002E2311 /* GoogleService-Info.plist */ = {isa = PBXFileReference; fileEncoding = 4; lastKnownFileType = text.plist.xml; path = "GoogleService-Info.plist"; sourceTree = "<group>"; };
		0266A55823429B6800025226 /* AddExpenseCVC.swift */ = {isa = PBXFileReference; lastKnownFileType = sourcecode.swift; path = AddExpenseCVC.swift; sourceTree = "<group>"; };
		0272E10423593B280046A516 /* UserDatabase.db */ = {isa = PBXFileReference; lastKnownFileType = file; path = UserDatabase.db; sourceTree = "<group>"; };
		0272E10A235E6EF80046A516 /* Swift-Kuery-ORM-0.6.1 */ = {isa = PBXFileReference; lastKnownFileType = folder; path = "Swift-Kuery-ORM-0.6.1"; sourceTree = "<group>"; };
		0272E10D235E78920046A516 /* UserDatabaseStruct.swift */ = {isa = PBXFileReference; lastKnownFileType = sourcecode.swift; path = UserDatabaseStruct.swift; sourceTree = "<group>"; };
		0272E10F235E7AFE0046A516 /* Swift-Kuery-SQLite-2.0.1 */ = {isa = PBXFileReference; lastKnownFileType = folder; path = "Swift-Kuery-SQLite-2.0.1"; sourceTree = "<group>"; };
		02886EE52352B82F006F7B8D /* AddExpenseCVCCell.swift */ = {isa = PBXFileReference; lastKnownFileType = sourcecode.swift; path = AddExpenseCVCCell.swift; sourceTree = "<group>"; };
		02886EE72352C30A006F7B8D /* ExpensesCVCCell.swift */ = {isa = PBXFileReference; lastKnownFileType = sourcecode.swift; path = ExpensesCVCCell.swift; sourceTree = "<group>"; };
		029B4E8621E1DACD00882705 /* TabBar.swift */ = {isa = PBXFileReference; lastKnownFileType = sourcecode.swift; path = TabBar.swift; sourceTree = "<group>"; };
		02A5B2FA210F61DA00486DE5 /* plant_picture.JPG */ = {isa = PBXFileReference; lastKnownFileType = image.jpeg; path = plant_picture.JPG; sourceTree = "<group>"; };
		02A5B2FC210F6CA100486DE5 /* PlantInfoCell.swift */ = {isa = PBXFileReference; lastKnownFileType = sourcecode.swift; path = PlantInfoCell.swift; sourceTree = "<group>"; };
		02F2F320237F95F90045F17E /* DatabaseEnums.swift */ = {isa = PBXFileReference; lastKnownFileType = sourcecode.swift; path = DatabaseEnums.swift; sourceTree = "<group>"; };
		0B4E44CBAF4259B94A57255A /* Pods-PlantsTests.release.xcconfig */ = {isa = PBXFileReference; includeInIndex = 1; lastKnownFileType = text.xcconfig; name = "Pods-PlantsTests.release.xcconfig"; path = "Target Support Files/Pods-PlantsTests/Pods-PlantsTests.release.xcconfig"; sourceTree = "<group>"; };
		1FE8D04FE06BF67174390CCD /* Pods_PocketUITests.framework */ = {isa = PBXFileReference; explicitFileType = wrapper.framework; includeInIndex = 0; path = Pods_PocketUITests.framework; sourceTree = BUILT_PRODUCTS_DIR; };
		27441814C217DF6BA3FA363D /* Pods-PocketUITests.debug.xcconfig */ = {isa = PBXFileReference; includeInIndex = 1; lastKnownFileType = text.xcconfig; name = "Pods-PocketUITests.debug.xcconfig"; path = "Target Support Files/Pods-PocketUITests/Pods-PocketUITests.debug.xcconfig"; sourceTree = "<group>"; };
		2C683B80E25EAED461AB4D0E /* Pods-PlantsTests.debug.xcconfig */ = {isa = PBXFileReference; includeInIndex = 1; lastKnownFileType = text.xcconfig; name = "Pods-PlantsTests.debug.xcconfig"; path = "Target Support Files/Pods-PlantsTests/Pods-PlantsTests.debug.xcconfig"; sourceTree = "<group>"; };
		43926273AF73B979B0618E9E /* Pods-PlantsUITests.release.xcconfig */ = {isa = PBXFileReference; includeInIndex = 1; lastKnownFileType = text.xcconfig; name = "Pods-PlantsUITests.release.xcconfig"; path = "Target Support Files/Pods-PlantsUITests/Pods-PlantsUITests.release.xcconfig"; sourceTree = "<group>"; };
		569CC37CB228CE609E23DC9A /* Pods-PocketTests.release.xcconfig */ = {isa = PBXFileReference; includeInIndex = 1; lastKnownFileType = text.xcconfig; name = "Pods-PocketTests.release.xcconfig"; path = "Target Support Files/Pods-PocketTests/Pods-PocketTests.release.xcconfig"; sourceTree = "<group>"; };
		5C1A3449BEED2B8CBB59F63D /* Pods_Pocket.framework */ = {isa = PBXFileReference; explicitFileType = wrapper.framework; includeInIndex = 0; path = Pods_Pocket.framework; sourceTree = BUILT_PRODUCTS_DIR; };
		839976AFED9416AAA4B3A586 /* Pods-Plants.debug.xcconfig */ = {isa = PBXFileReference; includeInIndex = 1; lastKnownFileType = text.xcconfig; name = "Pods-Plants.debug.xcconfig"; path = "Target Support Files/Pods-Plants/Pods-Plants.debug.xcconfig"; sourceTree = "<group>"; };
		91F4D05533845F117F4D96C7 /* Pods-Pocket.debug.xcconfig */ = {isa = PBXFileReference; includeInIndex = 1; lastKnownFileType = text.xcconfig; name = "Pods-Pocket.debug.xcconfig"; path = "Target Support Files/Pods-Pocket/Pods-Pocket.debug.xcconfig"; sourceTree = "<group>"; };
		A777A3CC0721C1ADF70B77E2 /* Pods_PocketTests.framework */ = {isa = PBXFileReference; explicitFileType = wrapper.framework; includeInIndex = 0; path = Pods_PocketTests.framework; sourceTree = BUILT_PRODUCTS_DIR; };
		B1A86A9CBA4B292E82FF658C /* Pods-PlantsUITests.debug.xcconfig */ = {isa = PBXFileReference; includeInIndex = 1; lastKnownFileType = text.xcconfig; name = "Pods-PlantsUITests.debug.xcconfig"; path = "Target Support Files/Pods-PlantsUITests/Pods-PlantsUITests.debug.xcconfig"; sourceTree = "<group>"; };
		C6415C0A7A39456714496CA1 /* Pods-Plants.release.xcconfig */ = {isa = PBXFileReference; includeInIndex = 1; lastKnownFileType = text.xcconfig; name = "Pods-Plants.release.xcconfig"; path = "Target Support Files/Pods-Plants/Pods-Plants.release.xcconfig"; sourceTree = "<group>"; };
		D46B750C24DFB7B4CE7AB99F /* Pods-Pocket.release.xcconfig */ = {isa = PBXFileReference; includeInIndex = 1; lastKnownFileType = text.xcconfig; name = "Pods-Pocket.release.xcconfig"; path = "Target Support Files/Pods-Pocket/Pods-Pocket.release.xcconfig"; sourceTree = "<group>"; };
		D68731EBED47AE3BE8A6F6E9 /* Pods-PocketUITests.release.xcconfig */ = {isa = PBXFileReference; includeInIndex = 1; lastKnownFileType = text.xcconfig; name = "Pods-PocketUITests.release.xcconfig"; path = "Target Support Files/Pods-PocketUITests/Pods-PocketUITests.release.xcconfig"; sourceTree = "<group>"; };
		E30B13493800EEF42544005E /* Pods-PocketTests.debug.xcconfig */ = {isa = PBXFileReference; includeInIndex = 1; lastKnownFileType = text.xcconfig; name = "Pods-PocketTests.debug.xcconfig"; path = "Target Support Files/Pods-PocketTests/Pods-PocketTests.debug.xcconfig"; sourceTree = "<group>"; };
/* End PBXFileReference section */

/* Begin PBXFrameworksBuildPhase section */
		021964B02094333F009A43A6 /* Frameworks */ = {
			isa = PBXFrameworksBuildPhase;
			buildActionMask = 2147483647;
			files = (
				0272E111235E7B0A0046A516 /* SwiftKuerySQLite in Frameworks */,
				0272E10C235E6F070046A516 /* SwiftKueryORM in Frameworks */,
				0DBF74FDD565A0A37345B635 /* Pods_Pocket.framework in Frameworks */,
			);
			runOnlyForDeploymentPostprocessing = 0;
		};
		021964C42094333F009A43A6 /* Frameworks */ = {
			isa = PBXFrameworksBuildPhase;
			buildActionMask = 2147483647;
			files = (
				30B5DC7DE79E316368F25690 /* Pods_PocketTests.framework in Frameworks */,
			);
			runOnlyForDeploymentPostprocessing = 0;
		};
		021964CF2094333F009A43A6 /* Frameworks */ = {
			isa = PBXFrameworksBuildPhase;
			buildActionMask = 2147483647;
			files = (
				8BE8A549587295D0FF6B7B77 /* Pods_PocketUITests.framework in Frameworks */,
			);
			runOnlyForDeploymentPostprocessing = 0;
		};
/* End PBXFrameworksBuildPhase section */

/* Begin PBXGroup section */
		021263472322FB6600477342 /* Classes */ = {
			isa = PBXGroup;
			children = (
				021263452322F5E400477342 /* User.swift */,
			);
			path = Classes;
			sourceTree = "<group>";
		};
		021964AA2094333F009A43A6 = {
			isa = PBXGroup;
			children = (
				021964B52094333F009A43A6 /* Pocket */,
				021964CA2094333F009A43A6 /* PocketTests */,
				021964D52094333F009A43A6 /* PocketUITests */,
				021964B42094333F009A43A6 /* Products */,
				07256D3F70CC91BD764C7F42 /* Pods */,
				B5AE586C67CE7E8A3F28389A /* Frameworks */,
			);
			sourceTree = "<group>";
		};
		021964B42094333F009A43A6 /* Products */ = {
			isa = PBXGroup;
			children = (
				021964B32094333F009A43A6 /* Pocket.app */,
				021964C72094333F009A43A6 /* PocketTests.xctest */,
				021964D22094333F009A43A6 /* PocketUITests.xctest */,
			);
			name = Products;
			sourceTree = "<group>";
		};
		021964B52094333F009A43A6 /* Pocket */ = {
			isa = PBXGroup;
			children = (
				021964C22094333F009A43A6 /* Info.plist */,
				0251C8E52318BE46002E2311 /* GoogleService-Info.plist */,
				021964B62094333F009A43A6 /* AppDelegate.swift */,
				02F2F31F237F95D70045F17E /* Database */,
				0220479A2100EB6B002F6E9B /* ViewControllers */,
				02886EE42352B7D8006F7B8D /* Cells */,
				02202DC5231C69B200FAAFC4 /* PieChart.swift */,
				022047962100CF26002F6E9B /* MyUtils.swift */,
				02202DBC231B32DC00FAAFC4 /* MyEnums.swift */,
				021263472322FB6600477342 /* Classes */,
				021964BD2094333F009A43A6 /* Assets.xcassets */,
				02DE4EF820E7CE0400300F98 /* Resources */,
			);
			path = Pocket;
			sourceTree = "<group>";
		};
		021964CA2094333F009A43A6 /* PocketTests */ = {
			isa = PBXGroup;
			children = (
				021964CB2094333F009A43A6 /* PlantsTests.swift */,
				021964CD2094333F009A43A6 /* Info.plist */,
			);
			path = PocketTests;
			sourceTree = "<group>";
		};
		021964D52094333F009A43A6 /* PocketUITests */ = {
			isa = PBXGroup;
			children = (
				021964D62094333F009A43A6 /* PocketUITests.swift */,
				021964D82094333F009A43A6 /* Info.plist */,
			);
			path = PocketUITests;
			sourceTree = "<group>";
		};
		0220479A2100EB6B002F6E9B /* ViewControllers */ = {
			isa = PBXGroup;
			children = (
				029B4E8621E1DACD00882705 /* TabBar.swift */,
				0266A55823429B6800025226 /* AddExpenseCVC.swift */,
				02202DC4231C69B200FAAFC4 /* ExpensesCVC.swift */,
			);
			path = ViewControllers;
			sourceTree = "<group>";
		};
		02886EE42352B7D8006F7B8D /* Cells */ = {
			isa = PBXGroup;
			children = (
				02886EE52352B82F006F7B8D /* AddExpenseCVCCell.swift */,
				02886EE72352C30A006F7B8D /* ExpensesCVCCell.swift */,
				02A5B2FC210F6CA100486DE5 /* PlantInfoCell.swift */,
				023363F020FE417800A99F27 /* SearchCell.swift */,
			);
			path = Cells;
			sourceTree = "<group>";
		};
		02DE4EF820E7CE0400300F98 /* Resources */ = {
			isa = PBXGroup;
			children = (
				0272E10F235E7AFE0046A516 /* Swift-Kuery-SQLite-2.0.1 */,
				0272E10A235E6EF80046A516 /* Swift-Kuery-ORM-0.6.1 */,
				02235A49231AF6550005B9AC /* IMG_9671.jpg */,
				02235A46231AF56A0005B9AC /* IMG_9669.JPG */,
				02235A412319E9950005B9AC /* testTextImage.jpg */,
				02A5B2FA210F61DA00486DE5 /* plant_picture.JPG */,
				022047902100C181002F6E9B /* DSC_1336.JPG */,
				0251124420E7E7E300C12D56 /* Plants.db */,
				0272E10423593B280046A516 /* UserDatabase.db */,
			);
			path = Resources;
			sourceTree = "<group>";
		};
		02F2F31F237F95D70045F17E /* Database */ = {
			isa = PBXGroup;
			children = (
				02F2F320237F95F90045F17E /* DatabaseEnums.swift */,
				0272E10D235E78920046A516 /* UserDatabaseStruct.swift */,
			);
			path = Database;
			sourceTree = "<group>";
		};
		07256D3F70CC91BD764C7F42 /* Pods */ = {
			isa = PBXGroup;
			children = (
				839976AFED9416AAA4B3A586 /* Pods-Plants.debug.xcconfig */,
				C6415C0A7A39456714496CA1 /* Pods-Plants.release.xcconfig */,
				2C683B80E25EAED461AB4D0E /* Pods-PlantsTests.debug.xcconfig */,
				0B4E44CBAF4259B94A57255A /* Pods-PlantsTests.release.xcconfig */,
				B1A86A9CBA4B292E82FF658C /* Pods-PlantsUITests.debug.xcconfig */,
				43926273AF73B979B0618E9E /* Pods-PlantsUITests.release.xcconfig */,
				91F4D05533845F117F4D96C7 /* Pods-Pocket.debug.xcconfig */,
				D46B750C24DFB7B4CE7AB99F /* Pods-Pocket.release.xcconfig */,
				E30B13493800EEF42544005E /* Pods-PocketTests.debug.xcconfig */,
				569CC37CB228CE609E23DC9A /* Pods-PocketTests.release.xcconfig */,
				27441814C217DF6BA3FA363D /* Pods-PocketUITests.debug.xcconfig */,
				D68731EBED47AE3BE8A6F6E9 /* Pods-PocketUITests.release.xcconfig */,
			);
			path = Pods;
			sourceTree = "<group>";
		};
		B5AE586C67CE7E8A3F28389A /* Frameworks */ = {
			isa = PBXGroup;
			children = (
				5C1A3449BEED2B8CBB59F63D /* Pods_Pocket.framework */,
				A777A3CC0721C1ADF70B77E2 /* Pods_PocketTests.framework */,
				1FE8D04FE06BF67174390CCD /* Pods_PocketUITests.framework */,
			);
			name = Frameworks;
			sourceTree = "<group>";
		};
/* End PBXGroup section */

/* Begin PBXNativeTarget section */
		021964B22094333F009A43A6 /* Pocket */ = {
			isa = PBXNativeTarget;
			buildConfigurationList = 021964DB2094333F009A43A6 /* Build configuration list for PBXNativeTarget "Pocket" */;
			buildPhases = (
				BAD7CB730B0544ADC5E7F015 /* [CP] Check Pods Manifest.lock */,
				021964AF2094333F009A43A6 /* Sources */,
				021964B02094333F009A43A6 /* Frameworks */,
				021964B12094333F009A43A6 /* Resources */,
				0D460B1FF7E7A7A58BA1119D /* [CP] Embed Pods Frameworks */,
				D8EF804BA756999757F91D2F /* [CP] Copy Pods Resources */,
			);
			buildRules = (
			);
			dependencies = (
			);
			name = Pocket;
			packageProductDependencies = (
				0272E10B235E6F070046A516 /* SwiftKueryORM */,
				0272E110235E7B0A0046A516 /* SwiftKuerySQLite */,
			);
			productName = Plants;
			productReference = 021964B32094333F009A43A6 /* Pocket.app */;
			productType = "com.apple.product-type.application";
		};
		021964C62094333F009A43A6 /* PocketTests */ = {
			isa = PBXNativeTarget;
			buildConfigurationList = 021964DE2094333F009A43A6 /* Build configuration list for PBXNativeTarget "PocketTests" */;
			buildPhases = (
				A927B444CC1FD5D18995E7A1 /* [CP] Check Pods Manifest.lock */,
				021964C32094333F009A43A6 /* Sources */,
				021964C42094333F009A43A6 /* Frameworks */,
				021964C52094333F009A43A6 /* Resources */,
			);
			buildRules = (
			);
			dependencies = (
				021964C92094333F009A43A6 /* PBXTargetDependency */,
			);
			name = PocketTests;
			productName = PlantsTests;
			productReference = 021964C72094333F009A43A6 /* PocketTests.xctest */;
			productType = "com.apple.product-type.bundle.unit-test";
		};
		021964D12094333F009A43A6 /* PocketUITests */ = {
			isa = PBXNativeTarget;
			buildConfigurationList = 021964E12094333F009A43A6 /* Build configuration list for PBXNativeTarget "PocketUITests" */;
			buildPhases = (
				7CA074F2D80D2A4EA6004763 /* [CP] Check Pods Manifest.lock */,
				021964CE2094333F009A43A6 /* Sources */,
				021964CF2094333F009A43A6 /* Frameworks */,
				021964D02094333F009A43A6 /* Resources */,
			);
			buildRules = (
			);
			dependencies = (
				021964D42094333F009A43A6 /* PBXTargetDependency */,
			);
			name = PocketUITests;
			productName = PlantsUITests;
			productReference = 021964D22094333F009A43A6 /* PocketUITests.xctest */;
			productType = "com.apple.product-type.bundle.ui-testing";
		};
/* End PBXNativeTarget section */

/* Begin PBXProject section */
		021964AB2094333F009A43A6 /* Project object */ = {
			isa = PBXProject;
			attributes = {
				LastSwiftUpdateCheck = 0900;
				LastUpgradeCheck = 0900;
				ORGANIZATIONNAME = "Leo Huang";
				TargetAttributes = {
					021964B22094333F009A43A6 = {
						CreatedOnToolsVersion = 9.0.1;
						ProvisioningStyle = Automatic;
						SystemCapabilities = {
							com.apple.Maps.iOS = {
								enabled = 0;
							};
						};
					};
					021964C62094333F009A43A6 = {
						CreatedOnToolsVersion = 9.0.1;
						ProvisioningStyle = Automatic;
						TestTargetID = 021964B22094333F009A43A6;
					};
					021964D12094333F009A43A6 = {
						CreatedOnToolsVersion = 9.0.1;
						ProvisioningStyle = Automatic;
						TestTargetID = 021964B22094333F009A43A6;
					};
				};
			};
			buildConfigurationList = 021964AE2094333F009A43A6 /* Build configuration list for PBXProject "Pocket" */;
			compatibilityVersion = "Xcode 8.0";
			developmentRegion = en;
			hasScannedForEncodings = 0;
			knownRegions = (
				en,
				Base,
			);
			mainGroup = 021964AA2094333F009A43A6;
			productRefGroup = 021964B42094333F009A43A6 /* Products */;
			projectDirPath = "";
			projectRoot = "";
			targets = (
				021964B22094333F009A43A6 /* Pocket */,
				021964C62094333F009A43A6 /* PocketTests */,
				021964D12094333F009A43A6 /* PocketUITests */,
			);
		};
/* End PBXProject section */

/* Begin PBXResourcesBuildPhase section */
		021964B12094333F009A43A6 /* Resources */ = {
			isa = PBXResourcesBuildPhase;
			buildActionMask = 2147483647;
			files = (
				021964BE2094333F009A43A6 /* Assets.xcassets in Resources */,
				02235A48231AF56A0005B9AC /* IMG_9669.JPG in Resources */,
				022047912100C181002F6E9B /* DSC_1336.JPG in Resources */,
				02235A4A231AF6550005B9AC /* IMG_9671.jpg in Resources */,
				02A5B2FB210F61DA00486DE5 /* plant_picture.JPG in Resources */,
				0251124520E7E7E300C12D56 /* Plants.db in Resources */,
				02235A422319E9950005B9AC /* testTextImage.jpg in Resources */,
				0272E10523593B280046A516 /* UserDatabase.db in Resources */,
				0251C8E62318BE46002E2311 /* GoogleService-Info.plist in Resources */,
			);
			runOnlyForDeploymentPostprocessing = 0;
		};
		021964C52094333F009A43A6 /* Resources */ = {
			isa = PBXResourcesBuildPhase;
			buildActionMask = 2147483647;
			files = (
				0251C8E72318BE46002E2311 /* GoogleService-Info.plist in Resources */,
			);
			runOnlyForDeploymentPostprocessing = 0;
		};
		021964D02094333F009A43A6 /* Resources */ = {
			isa = PBXResourcesBuildPhase;
			buildActionMask = 2147483647;
			files = (
				0251C8E82318BE46002E2311 /* GoogleService-Info.plist in Resources */,
			);
			runOnlyForDeploymentPostprocessing = 0;
		};
/* End PBXResourcesBuildPhase section */

/* Begin PBXShellScriptBuildPhase section */
		0D460B1FF7E7A7A58BA1119D /* [CP] Embed Pods Frameworks */ = {
			isa = PBXShellScriptBuildPhase;
			buildActionMask = 2147483647;
			files = (
			);
			inputPaths = (
				"${PODS_ROOT}/Target Support Files/Pods-Pocket/Pods-Pocket-frameworks.sh",
				"${BUILT_PRODUCTS_DIR}/GTMSessionFetcher/GTMSessionFetcher.framework",
				"${BUILT_PRODUCTS_DIR}/GoogleAPIClientForREST/GoogleAPIClientForREST.framework",
				"${BUILT_PRODUCTS_DIR}/GoogleToolboxForMac/GoogleToolboxForMac.framework",
				"${BUILT_PRODUCTS_DIR}/GoogleUtilities/GoogleUtilities.framework",
				"${BUILT_PRODUCTS_DIR}/Protobuf/Protobuf.framework",
				"${BUILT_PRODUCTS_DIR}/nanopb/nanopb.framework",
			);
			name = "[CP] Embed Pods Frameworks";
			outputPaths = (
				"${TARGET_BUILD_DIR}/${FRAMEWORKS_FOLDER_PATH}/GTMSessionFetcher.framework",
				"${TARGET_BUILD_DIR}/${FRAMEWORKS_FOLDER_PATH}/GoogleAPIClientForREST.framework",
				"${TARGET_BUILD_DIR}/${FRAMEWORKS_FOLDER_PATH}/GoogleToolboxForMac.framework",
				"${TARGET_BUILD_DIR}/${FRAMEWORKS_FOLDER_PATH}/GoogleUtilities.framework",
				"${TARGET_BUILD_DIR}/${FRAMEWORKS_FOLDER_PATH}/Protobuf.framework",
				"${TARGET_BUILD_DIR}/${FRAMEWORKS_FOLDER_PATH}/nanopb.framework",
			);
			runOnlyForDeploymentPostprocessing = 0;
			shellPath = /bin/sh;
			shellScript = "\"${PODS_ROOT}/Target Support Files/Pods-Pocket/Pods-Pocket-frameworks.sh\"\n";
			showEnvVarsInLog = 0;
		};
		7CA074F2D80D2A4EA6004763 /* [CP] Check Pods Manifest.lock */ = {
			isa = PBXShellScriptBuildPhase;
			buildActionMask = 2147483647;
			files = (
			);
			inputFileListPaths = (
			);
			inputPaths = (
				"${PODS_PODFILE_DIR_PATH}/Podfile.lock",
				"${PODS_ROOT}/Manifest.lock",
			);
			name = "[CP] Check Pods Manifest.lock";
			outputFileListPaths = (
			);
			outputPaths = (
				"$(DERIVED_FILE_DIR)/Pods-PocketUITests-checkManifestLockResult.txt",
			);
			runOnlyForDeploymentPostprocessing = 0;
			shellPath = /bin/sh;
			shellScript = "diff \"${PODS_PODFILE_DIR_PATH}/Podfile.lock\" \"${PODS_ROOT}/Manifest.lock\" > /dev/null\nif [ $? != 0 ] ; then\n    # print error to STDERR\n    echo \"error: The sandbox is not in sync with the Podfile.lock. Run 'pod install' or update your CocoaPods installation.\" >&2\n    exit 1\nfi\n# This output is used by Xcode 'outputs' to avoid re-running this script phase.\necho \"SUCCESS\" > \"${SCRIPT_OUTPUT_FILE_0}\"\n";
			showEnvVarsInLog = 0;
		};
		A927B444CC1FD5D18995E7A1 /* [CP] Check Pods Manifest.lock */ = {
			isa = PBXShellScriptBuildPhase;
			buildActionMask = 2147483647;
			files = (
			);
			inputFileListPaths = (
			);
			inputPaths = (
				"${PODS_PODFILE_DIR_PATH}/Podfile.lock",
				"${PODS_ROOT}/Manifest.lock",
			);
			name = "[CP] Check Pods Manifest.lock";
			outputFileListPaths = (
			);
			outputPaths = (
				"$(DERIVED_FILE_DIR)/Pods-PocketTests-checkManifestLockResult.txt",
			);
			runOnlyForDeploymentPostprocessing = 0;
			shellPath = /bin/sh;
			shellScript = "diff \"${PODS_PODFILE_DIR_PATH}/Podfile.lock\" \"${PODS_ROOT}/Manifest.lock\" > /dev/null\nif [ $? != 0 ] ; then\n    # print error to STDERR\n    echo \"error: The sandbox is not in sync with the Podfile.lock. Run 'pod install' or update your CocoaPods installation.\" >&2\n    exit 1\nfi\n# This output is used by Xcode 'outputs' to avoid re-running this script phase.\necho \"SUCCESS\" > \"${SCRIPT_OUTPUT_FILE_0}\"\n";
			showEnvVarsInLog = 0;
		};
		BAD7CB730B0544ADC5E7F015 /* [CP] Check Pods Manifest.lock */ = {
			isa = PBXShellScriptBuildPhase;
			buildActionMask = 2147483647;
			files = (
			);
			inputFileListPaths = (
			);
			inputPaths = (
				"${PODS_PODFILE_DIR_PATH}/Podfile.lock",
				"${PODS_ROOT}/Manifest.lock",
			);
			name = "[CP] Check Pods Manifest.lock";
			outputFileListPaths = (
			);
			outputPaths = (
				"$(DERIVED_FILE_DIR)/Pods-Pocket-checkManifestLockResult.txt",
			);
			runOnlyForDeploymentPostprocessing = 0;
			shellPath = /bin/sh;
			shellScript = "diff \"${PODS_PODFILE_DIR_PATH}/Podfile.lock\" \"${PODS_ROOT}/Manifest.lock\" > /dev/null\nif [ $? != 0 ] ; then\n    # print error to STDERR\n    echo \"error: The sandbox is not in sync with the Podfile.lock. Run 'pod install' or update your CocoaPods installation.\" >&2\n    exit 1\nfi\n# This output is used by Xcode 'outputs' to avoid re-running this script phase.\necho \"SUCCESS\" > \"${SCRIPT_OUTPUT_FILE_0}\"\n";
			showEnvVarsInLog = 0;
		};
		D8EF804BA756999757F91D2F /* [CP] Copy Pods Resources */ = {
			isa = PBXShellScriptBuildPhase;
			buildActionMask = 2147483647;
			files = (
			);
			inputPaths = (
				"${PODS_ROOT}/Target Support Files/Pods-Pocket/Pods-Pocket-resources.sh",
				"${PODS_CONFIGURATION_BUILD_DIR}/GoogleMobileVision/GoogleMVTextDetectorResources.bundle",
			);
			name = "[CP] Copy Pods Resources";
			outputPaths = (
				"${TARGET_BUILD_DIR}/${UNLOCALIZED_RESOURCES_FOLDER_PATH}/GoogleMVTextDetectorResources.bundle",
			);
			runOnlyForDeploymentPostprocessing = 0;
			shellPath = /bin/sh;
			shellScript = "\"${PODS_ROOT}/Target Support Files/Pods-Pocket/Pods-Pocket-resources.sh\"\n";
			showEnvVarsInLog = 0;
		};
/* End PBXShellScriptBuildPhase section */

/* Begin PBXSourcesBuildPhase section */
		021964AF2094333F009A43A6 /* Sources */ = {
			isa = PBXSourcesBuildPhase;
			buildActionMask = 2147483647;
			files = (
				021263462322F5E400477342 /* User.swift in Sources */,
				0272E10E235E78920046A516 /* UserDatabaseStruct.swift in Sources */,
				02202DC7231C69B200FAAFC4 /* ExpensesCVC.swift in Sources */,
				022047972100CF26002F6E9B /* MyUtils.swift in Sources */,
				02A5B2FD210F6CA100486DE5 /* PlantInfoCell.swift in Sources */,
				02202DC6231C69B200FAAFC4 /* PieChart.swift in Sources */,
				02202DBD231B32DC00FAAFC4 /* MyEnums.swift in Sources */,
				02F2F321237F95F90045F17E /* DatabaseEnums.swift in Sources */,
				02886EE82352C30A006F7B8D /* ExpensesCVCCell.swift in Sources */,
				029B4E8721E1DACD00882705 /* TabBar.swift in Sources */,
				0266A55923429B6800025226 /* AddExpenseCVC.swift in Sources */,
				023363F120FE417800A99F27 /* SearchCell.swift in Sources */,
				021964B72094333F009A43A6 /* AppDelegate.swift in Sources */,
				02886EE62352B82F006F7B8D /* AddExpenseCVCCell.swift in Sources */,
			);
			runOnlyForDeploymentPostprocessing = 0;
		};
		021964C32094333F009A43A6 /* Sources */ = {
			isa = PBXSourcesBuildPhase;
			buildActionMask = 2147483647;
			files = (
				021964CC2094333F009A43A6 /* PlantsTests.swift in Sources */,
			);
			runOnlyForDeploymentPostprocessing = 0;
		};
		021964CE2094333F009A43A6 /* Sources */ = {
			isa = PBXSourcesBuildPhase;
			buildActionMask = 2147483647;
			files = (
				021964D72094333F009A43A6 /* PocketUITests.swift in Sources */,
			);
			runOnlyForDeploymentPostprocessing = 0;
		};
/* End PBXSourcesBuildPhase section */

/* Begin PBXTargetDependency section */
		021964C92094333F009A43A6 /* PBXTargetDependency */ = {
			isa = PBXTargetDependency;
			target = 021964B22094333F009A43A6 /* Pocket */;
			targetProxy = 021964C82094333F009A43A6 /* PBXContainerItemProxy */;
		};
		021964D42094333F009A43A6 /* PBXTargetDependency */ = {
			isa = PBXTargetDependency;
			target = 021964B22094333F009A43A6 /* Pocket */;
			targetProxy = 021964D32094333F009A43A6 /* PBXContainerItemProxy */;
		};
/* End PBXTargetDependency section */

/* Begin XCBuildConfiguration section */
		021964D92094333F009A43A6 /* Debug */ = {
			isa = XCBuildConfiguration;
			buildSettings = {
				ALWAYS_SEARCH_USER_PATHS = NO;
				CLANG_ANALYZER_NONNULL = YES;
				CLANG_ANALYZER_NUMBER_OBJECT_CONVERSION = YES_AGGRESSIVE;
				CLANG_CXX_LANGUAGE_STANDARD = "gnu++14";
				CLANG_CXX_LIBRARY = "libc++";
				CLANG_ENABLE_MODULES = YES;
				CLANG_ENABLE_OBJC_ARC = YES;
				CLANG_WARN_BLOCK_CAPTURE_AUTORELEASING = YES;
				CLANG_WARN_BOOL_CONVERSION = YES;
				CLANG_WARN_COMMA = YES;
				CLANG_WARN_CONSTANT_CONVERSION = YES;
				CLANG_WARN_DIRECT_OBJC_ISA_USAGE = YES_ERROR;
				CLANG_WARN_DOCUMENTATION_COMMENTS = YES;
				CLANG_WARN_EMPTY_BODY = YES;
				CLANG_WARN_ENUM_CONVERSION = YES;
				CLANG_WARN_INFINITE_RECURSION = YES;
				CLANG_WARN_INT_CONVERSION = YES;
				CLANG_WARN_NON_LITERAL_NULL_CONVERSION = YES;
				CLANG_WARN_OBJC_LITERAL_CONVERSION = YES;
				CLANG_WARN_OBJC_ROOT_CLASS = YES_ERROR;
				CLANG_WARN_RANGE_LOOP_ANALYSIS = YES;
				CLANG_WARN_STRICT_PROTOTYPES = YES;
				CLANG_WARN_SUSPICIOUS_MOVE = YES;
				CLANG_WARN_UNGUARDED_AVAILABILITY = YES_AGGRESSIVE;
				CLANG_WARN_UNREACHABLE_CODE = YES;
				CLANG_WARN__DUPLICATE_METHOD_MATCH = YES;
				CODE_SIGN_IDENTITY = "iPhone Developer";
				COPY_PHASE_STRIP = NO;
				DEBUG_INFORMATION_FORMAT = dwarf;
				ENABLE_STRICT_OBJC_MSGSEND = YES;
				ENABLE_TESTABILITY = YES;
				GCC_C_LANGUAGE_STANDARD = gnu11;
				GCC_DYNAMIC_NO_PIC = NO;
				GCC_NO_COMMON_BLOCKS = YES;
				GCC_OPTIMIZATION_LEVEL = 0;
				GCC_PREPROCESSOR_DEFINITIONS = (
					"DEBUG=1",
					"$(inherited)",
				);
				GCC_WARN_64_TO_32_BIT_CONVERSION = YES;
				GCC_WARN_ABOUT_RETURN_TYPE = YES_ERROR;
				GCC_WARN_UNDECLARED_SELECTOR = YES;
				GCC_WARN_UNINITIALIZED_AUTOS = YES_AGGRESSIVE;
				GCC_WARN_UNUSED_FUNCTION = YES;
				GCC_WARN_UNUSED_VARIABLE = YES;
				IPHONEOS_DEPLOYMENT_TARGET = 13.0;
				MTL_ENABLE_DEBUG_INFO = YES;
				ONLY_ACTIVE_ARCH = YES;
				SDKROOT = iphoneos;
				SWIFT_ACTIVE_COMPILATION_CONDITIONS = DEBUG;
				SWIFT_OPTIMIZATION_LEVEL = "-Onone";
			};
			name = Debug;
		};
		021964DA2094333F009A43A6 /* Release */ = {
			isa = XCBuildConfiguration;
			buildSettings = {
				ALWAYS_SEARCH_USER_PATHS = NO;
				CLANG_ANALYZER_NONNULL = YES;
				CLANG_ANALYZER_NUMBER_OBJECT_CONVERSION = YES_AGGRESSIVE;
				CLANG_CXX_LANGUAGE_STANDARD = "gnu++14";
				CLANG_CXX_LIBRARY = "libc++";
				CLANG_ENABLE_MODULES = YES;
				CLANG_ENABLE_OBJC_ARC = YES;
				CLANG_WARN_BLOCK_CAPTURE_AUTORELEASING = YES;
				CLANG_WARN_BOOL_CONVERSION = YES;
				CLANG_WARN_COMMA = YES;
				CLANG_WARN_CONSTANT_CONVERSION = YES;
				CLANG_WARN_DIRECT_OBJC_ISA_USAGE = YES_ERROR;
				CLANG_WARN_DOCUMENTATION_COMMENTS = YES;
				CLANG_WARN_EMPTY_BODY = YES;
				CLANG_WARN_ENUM_CONVERSION = YES;
				CLANG_WARN_INFINITE_RECURSION = YES;
				CLANG_WARN_INT_CONVERSION = YES;
				CLANG_WARN_NON_LITERAL_NULL_CONVERSION = YES;
				CLANG_WARN_OBJC_LITERAL_CONVERSION = YES;
				CLANG_WARN_OBJC_ROOT_CLASS = YES_ERROR;
				CLANG_WARN_RANGE_LOOP_ANALYSIS = YES;
				CLANG_WARN_STRICT_PROTOTYPES = YES;
				CLANG_WARN_SUSPICIOUS_MOVE = YES;
				CLANG_WARN_UNGUARDED_AVAILABILITY = YES_AGGRESSIVE;
				CLANG_WARN_UNREACHABLE_CODE = YES;
				CLANG_WARN__DUPLICATE_METHOD_MATCH = YES;
				CODE_SIGN_IDENTITY = "iPhone Developer";
				COPY_PHASE_STRIP = NO;
				DEBUG_INFORMATION_FORMAT = "dwarf-with-dsym";
				ENABLE_NS_ASSERTIONS = NO;
				ENABLE_STRICT_OBJC_MSGSEND = YES;
				GCC_C_LANGUAGE_STANDARD = gnu11;
				GCC_NO_COMMON_BLOCKS = YES;
				GCC_WARN_64_TO_32_BIT_CONVERSION = YES;
				GCC_WARN_ABOUT_RETURN_TYPE = YES_ERROR;
				GCC_WARN_UNDECLARED_SELECTOR = YES;
				GCC_WARN_UNINITIALIZED_AUTOS = YES_AGGRESSIVE;
				GCC_WARN_UNUSED_FUNCTION = YES;
				GCC_WARN_UNUSED_VARIABLE = YES;
				IPHONEOS_DEPLOYMENT_TARGET = 13.0;
				MTL_ENABLE_DEBUG_INFO = NO;
				SDKROOT = iphoneos;
				SWIFT_COMPILATION_MODE = wholemodule;
				SWIFT_OPTIMIZATION_LEVEL = "-O";
				VALIDATE_PRODUCT = YES;
			};
			name = Release;
		};
		021964DC2094333F009A43A6 /* Debug */ = {
			isa = XCBuildConfiguration;
			baseConfigurationReference = 91F4D05533845F117F4D96C7 /* Pods-Pocket.debug.xcconfig */;
			buildSettings = {
				ASSETCATALOG_COMPILER_APPICON_NAME = AppIcon;
				CODE_SIGN_IDENTITY = "iPhone Developer";
				CODE_SIGN_STYLE = Automatic;
				DEVELOPMENT_TEAM = J9V5NC69NK;
				INFOPLIST_FILE = "$(SRCROOT)/Pocket/Info.plist";
				IPHONEOS_DEPLOYMENT_TARGET = 12.0;
				LD_RUNPATH_SEARCH_PATHS = (
					"$(inherited)",
					"@executable_path/Frameworks",
				);
				PRODUCT_BUNDLE_IDENTIFIER = com.Assets.Pocket;
				PRODUCT_NAME = "$(TARGET_NAME)";
				PROVISIONING_PROFILE_SPECIFIER = "";
				SWIFT_VERSION = 5.0;
				TARGETED_DEVICE_FAMILY = "1,2";
			};
			name = Debug;
		};
		021964DD2094333F009A43A6 /* Release */ = {
			isa = XCBuildConfiguration;
			baseConfigurationReference = D46B750C24DFB7B4CE7AB99F /* Pods-Pocket.release.xcconfig */;
			buildSettings = {
				ASSETCATALOG_COMPILER_APPICON_NAME = AppIcon;
				CODE_SIGN_IDENTITY = "iPhone Developer";
				CODE_SIGN_STYLE = Automatic;
				DEVELOPMENT_TEAM = J9V5NC69NK;
				INFOPLIST_FILE = "$(SRCROOT)/Pocket/Info.plist";
				IPHONEOS_DEPLOYMENT_TARGET = 12.0;
				LD_RUNPATH_SEARCH_PATHS = (
					"$(inherited)",
					"@executable_path/Frameworks",
				);
				PRODUCT_BUNDLE_IDENTIFIER = com.Assets.Pocket;
				PRODUCT_NAME = "$(TARGET_NAME)";
				PROVISIONING_PROFILE_SPECIFIER = "";
				SWIFT_VERSION = 5.0;
				TARGETED_DEVICE_FAMILY = "1,2";
			};
			name = Release;
		};
		021964DF2094333F009A43A6 /* Debug */ = {
			isa = XCBuildConfiguration;
			baseConfigurationReference = E30B13493800EEF42544005E /* Pods-PocketTests.debug.xcconfig */;
			buildSettings = {
				ALWAYS_EMBED_SWIFT_STANDARD_LIBRARIES = YES;
				BUNDLE_LOADER = "$(TEST_HOST)";
				CODE_SIGN_STYLE = Automatic;
				DEVELOPMENT_TEAM = J9V5NC69NK;
				INFOPLIST_FILE = PlantsTests/Info.plist;
				LD_RUNPATH_SEARCH_PATHS = (
					"$(inherited)",
					"@executable_path/Frameworks",
					"@loader_path/Frameworks",
				);
				PRODUCT_BUNDLE_IDENTIFIER = com.ECOSoft.Plants.PlantsTests;
				PRODUCT_NAME = "$(TARGET_NAME)";
				SWIFT_VERSION = 4.0;
				TARGETED_DEVICE_FAMILY = "1,2";
				TEST_HOST = "$(BUILT_PRODUCTS_DIR)/Pocket.app/Pocket";
			};
			name = Debug;
		};
		021964E02094333F009A43A6 /* Release */ = {
			isa = XCBuildConfiguration;
			baseConfigurationReference = 569CC37CB228CE609E23DC9A /* Pods-PocketTests.release.xcconfig */;
			buildSettings = {
				ALWAYS_EMBED_SWIFT_STANDARD_LIBRARIES = YES;
				BUNDLE_LOADER = "$(TEST_HOST)";
				CODE_SIGN_STYLE = Automatic;
				DEVELOPMENT_TEAM = J9V5NC69NK;
				INFOPLIST_FILE = PlantsTests/Info.plist;
				LD_RUNPATH_SEARCH_PATHS = (
					"$(inherited)",
					"@executable_path/Frameworks",
					"@loader_path/Frameworks",
				);
				PRODUCT_BUNDLE_IDENTIFIER = com.ECOSoft.Plants.PlantsTests;
				PRODUCT_NAME = "$(TARGET_NAME)";
				SWIFT_VERSION = 4.0;
				TARGETED_DEVICE_FAMILY = "1,2";
				TEST_HOST = "$(BUILT_PRODUCTS_DIR)/Pocket.app/Pocket";
			};
			name = Release;
		};
		021964E22094333F009A43A6 /* Debug */ = {
			isa = XCBuildConfiguration;
			baseConfigurationReference = 27441814C217DF6BA3FA363D /* Pods-PocketUITests.debug.xcconfig */;
			buildSettings = {
				ALWAYS_EMBED_SWIFT_STANDARD_LIBRARIES = YES;
				CODE_SIGN_STYLE = Automatic;
				DEVELOPMENT_TEAM = J9V5NC69NK;
				INFOPLIST_FILE = PlantsUITests/Info.plist;
				LD_RUNPATH_SEARCH_PATHS = (
					"$(inherited)",
					"@executable_path/Frameworks",
					"@loader_path/Frameworks",
				);
				PRODUCT_BUNDLE_IDENTIFIER = com.ECOSoft.Plants.PlantsUITests;
				PRODUCT_NAME = "$(TARGET_NAME)";
				SWIFT_VERSION = 4.0;
				TARGETED_DEVICE_FAMILY = "1,2";
				TEST_TARGET_NAME = Plants;
			};
			name = Debug;
		};
		021964E32094333F009A43A6 /* Release */ = {
			isa = XCBuildConfiguration;
			baseConfigurationReference = D68731EBED47AE3BE8A6F6E9 /* Pods-PocketUITests.release.xcconfig */;
			buildSettings = {
				ALWAYS_EMBED_SWIFT_STANDARD_LIBRARIES = YES;
				CODE_SIGN_STYLE = Automatic;
				DEVELOPMENT_TEAM = J9V5NC69NK;
				INFOPLIST_FILE = PlantsUITests/Info.plist;
				LD_RUNPATH_SEARCH_PATHS = (
					"$(inherited)",
					"@executable_path/Frameworks",
					"@loader_path/Frameworks",
				);
				PRODUCT_BUNDLE_IDENTIFIER = com.ECOSoft.Plants.PlantsUITests;
				PRODUCT_NAME = "$(TARGET_NAME)";
				SWIFT_VERSION = 4.0;
				TARGETED_DEVICE_FAMILY = "1,2";
				TEST_TARGET_NAME = Plants;
			};
			name = Release;
		};
/* End XCBuildConfiguration section */

/* Begin XCConfigurationList section */
		021964AE2094333F009A43A6 /* Build configuration list for PBXProject "Pocket" */ = {
			isa = XCConfigurationList;
			buildConfigurations = (
				021964D92094333F009A43A6 /* Debug */,
				021964DA2094333F009A43A6 /* Release */,
			);
			defaultConfigurationIsVisible = 0;
			defaultConfigurationName = Release;
		};
		021964DB2094333F009A43A6 /* Build configuration list for PBXNativeTarget "Pocket" */ = {
			isa = XCConfigurationList;
			buildConfigurations = (
				021964DC2094333F009A43A6 /* Debug */,
				021964DD2094333F009A43A6 /* Release */,
			);
			defaultConfigurationIsVisible = 0;
			defaultConfigurationName = Release;
		};
		021964DE2094333F009A43A6 /* Build configuration list for PBXNativeTarget "PocketTests" */ = {
			isa = XCConfigurationList;
			buildConfigurations = (
				021964DF2094333F009A43A6 /* Debug */,
				021964E02094333F009A43A6 /* Release */,
			);
			defaultConfigurationIsVisible = 0;
			defaultConfigurationName = Release;
		};
		021964E12094333F009A43A6 /* Build configuration list for PBXNativeTarget "PocketUITests" */ = {
			isa = XCConfigurationList;
			buildConfigurations = (
				021964E22094333F009A43A6 /* Debug */,
				021964E32094333F009A43A6 /* Release */,
			);
			defaultConfigurationIsVisible = 0;
			defaultConfigurationName = Release;
		};
/* End XCConfigurationList section */

/* Begin XCSwiftPackageProductDependency section */
		0272E10B235E6F070046A516 /* SwiftKueryORM */ = {
			isa = XCSwiftPackageProductDependency;
			productName = SwiftKueryORM;
		};
		0272E110235E7B0A0046A516 /* SwiftKuerySQLite */ = {
			isa = XCSwiftPackageProductDependency;
			productName = SwiftKuerySQLite;
		};
/* End XCSwiftPackageProductDependency section */
	};
	rootObject = 021964AB2094333F009A43A6 /* Project object */;
}
