// !$*UTF8*$!
{
	archiveVersion = 1;
	classes = {
	};
	objectVersion = 48;
	objects = {

/* Begin PBXBuildFile section */
		021964B72094333F009A43A6 /* AppDelegate.swift in Sources */ = {isa = PBXBuildFile; fileRef = 021964B62094333F009A43A6 /* AppDelegate.swift */; };
		021964B92094333F009A43A6 /* ViewController.swift in Sources */ = {isa = PBXBuildFile; fileRef = 021964B82094333F009A43A6 /* ViewController.swift */; };
		021964BC2094333F009A43A6 /* Main.storyboard in Resources */ = {isa = PBXBuildFile; fileRef = 021964BA2094333F009A43A6 /* Main.storyboard */; };
		021964BE2094333F009A43A6 /* Assets.xcassets in Resources */ = {isa = PBXBuildFile; fileRef = 021964BD2094333F009A43A6 /* Assets.xcassets */; };
		021964C12094333F009A43A6 /* LaunchScreen.storyboard in Resources */ = {isa = PBXBuildFile; fileRef = 021964BF2094333F009A43A6 /* LaunchScreen.storyboard */; };
		021964CC2094333F009A43A6 /* PlantsTests.swift in Sources */ = {isa = PBXBuildFile; fileRef = 021964CB2094333F009A43A6 /* PlantsTests.swift */; };
		021964D72094333F009A43A6 /* PlantsUITests.swift in Sources */ = {isa = PBXBuildFile; fileRef = 021964D62094333F009A43A6 /* PlantsUITests.swift */; };
/* End PBXBuildFile section */

/* Begin PBXContainerItemProxy section */
		021964C82094333F009A43A6 /* PBXContainerItemProxy */ = {
			isa = PBXContainerItemProxy;
			containerPortal = 021964AB2094333F009A43A6 /* Project object */;
			proxyType = 1;
			remoteGlobalIDString = 021964B22094333F009A43A6;
			remoteInfo = Plants;
		};
		021964D32094333F009A43A6 /* PBXContainerItemProxy */ = {
			isa = PBXContainerItemProxy;
			containerPortal = 021964AB2094333F009A43A6 /* Project object */;
			proxyType = 1;
			remoteGlobalIDString = 021964B22094333F009A43A6;
			remoteInfo = Plants;
		};
/* End PBXContainerItemProxy section */

/* Begin PBXFileReference section */
		021964B32094333F009A43A6 /* Plants.app */ = {isa = PBXFileReference; explicitFileType = wrapper.application; includeInIndex = 0; path = Plants.app; sourceTree = BUILT_PRODUCTS_DIR; };
		021964B62094333F009A43A6 /* AppDelegate.swift */ = {isa = PBXFileReference; lastKnownFileType = sourcecode.swift; path = AppDelegate.swift; sourceTree = "<group>"; };
		021964B82094333F009A43A6 /* ViewController.swift */ = {isa = PBXFileReference; lastKnownFileType = sourcecode.swift; path = ViewController.swift; sourceTree = "<group>"; };
		021964BB2094333F009A43A6 /* Base */ = {isa = PBXFileReference; lastKnownFileType = file.storyboard; name = Base; path = Base.lproj/Main.storyboard; sourceTree = "<group>"; };
		021964BD2094333F009A43A6 /* Assets.xcassets */ = {isa = PBXFileReference; lastKnownFileType = folder.assetcatalog; path = Assets.xcassets; sourceTree = "<group>"; };
		021964C02094333F009A43A6 /* Base */ = {isa = PBXFileReference; lastKnownFileType = file.storyboard; name = Base; path = Base.lproj/LaunchScreen.storyboard; sourceTree = "<group>"; };
		021964C22094333F009A43A6 /* Info.plist */ = {isa = PBXFileReference; lastKnownFileType = text.plist.xml; path = Info.plist; sourceTree = "<group>"; };
		021964C72094333F009A43A6 /* PlantsTests.xctest */ = {isa = PBXFileReference; explicitFileType = wrapper.cfbundle; includeInIndex = 0; path = PlantsTests.xctest; sourceTree = BUILT_PRODUCTS_DIR; };
		021964CB2094333F009A43A6 /* PlantsTests.swift */ = {isa = PBXFileReference; lastKnownFileType = sourcecode.swift; path = PlantsTests.swift; sourceTree = "<group>"; };
		021964CD2094333F009A43A6 /* Info.plist */ = {isa = PBXFileReference; lastKnownFileType = text.plist.xml; path = Info.plist; sourceTree = "<group>"; };
		021964D22094333F009A43A6 /* PlantsUITests.xctest */ = {isa = PBXFileReference; explicitFileType = wrapper.cfbundle; includeInIndex = 0; path = PlantsUITests.xctest; sourceTree = BUILT_PRODUCTS_DIR; };
		021964D62094333F009A43A6 /* PlantsUITests.swift */ = {isa = PBXFileReference; lastKnownFileType = sourcecode.swift; path = PlantsUITests.swift; sourceTree = "<group>"; };
		021964D82094333F009A43A6 /* Info.plist */ = {isa = PBXFileReference; lastKnownFileType = text.plist.xml; path = Info.plist; sourceTree = "<group>"; };
/* End PBXFileReference section */

/* Begin PBXFrameworksBuildPhase section */
		021964B02094333F009A43A6 /* Frameworks */ = {
			isa = PBXFrameworksBuildPhase;
			buildActionMask = 2147483647;
			files = (
			);
			runOnlyForDeploymentPostprocessing = 0;
		};
		021964C42094333F009A43A6 /* Frameworks */ = {
			isa = PBXFrameworksBuildPhase;
			buildActionMask = 2147483647;
			files = (
			);
			runOnlyForDeploymentPostprocessing = 0;
		};
		021964CF2094333F009A43A6 /* Frameworks */ = {
			isa = PBXFrameworksBuildPhase;
			buildActionMask = 2147483647;
			files = (
			);
			runOnlyForDeploymentPostprocessing = 0;
		};
/* End PBXFrameworksBuildPhase section */

/* Begin PBXGroup section */
		021964AA2094333F009A43A6 = {
			isa = PBXGroup;
			children = (
				021964B52094333F009A43A6 /* Plants */,
				021964CA2094333F009A43A6 /* PlantsTests */,
				021964D52094333F009A43A6 /* PlantsUITests */,
				021964B42094333F009A43A6 /* Products */,
			);
			sourceTree = "<group>";
		};
		021964B42094333F009A43A6 /* Products */ = {
			isa = PBXGroup;
			children = (
				021964B32094333F009A43A6 /* Plants.app */,
				021964C72094333F009A43A6 /* PlantsTests.xctest */,
				021964D22094333F009A43A6 /* PlantsUITests.xctest */,
			);
			name = Products;
			sourceTree = "<group>";
		};
		021964B52094333F009A43A6 /* Plants */ = {
			isa = PBXGroup;
			children = (
				021964B62094333F009A43A6 /* AppDelegate.swift */,
				021964B82094333F009A43A6 /* ViewController.swift */,
				021964BA2094333F009A43A6 /* Main.storyboard */,
				021964BD2094333F009A43A6 /* Assets.xcassets */,
				021964BF2094333F009A43A6 /* LaunchScreen.storyboard */,
				021964C22094333F009A43A6 /* Info.plist */,
			);
			path = Plants;
			sourceTree = "<group>";
		};
		021964CA2094333F009A43A6 /* PlantsTests */ = {
			isa = PBXGroup;
			children = (
				021964CB2094333F009A43A6 /* PlantsTests.swift */,
				021964CD2094333F009A43A6 /* Info.plist */,
			);
			path = PlantsTests;
			sourceTree = "<group>";
		};
		021964D52094333F009A43A6 /* PlantsUITests */ = {
			isa = PBXGroup;
			children = (
				021964D62094333F009A43A6 /* PlantsUITests.swift */,
				021964D82094333F009A43A6 /* Info.plist */,
			);
			path = PlantsUITests;
			sourceTree = "<group>";
		};
/* End PBXGroup section */

/* Begin PBXNativeTarget section */
		021964B22094333F009A43A6 /* Plants */ = {
			isa = PBXNativeTarget;
			buildConfigurationList = 021964DB2094333F009A43A6 /* Build configuration list for PBXNativeTarget "Plants" */;
			buildPhases = (
				021964AF2094333F009A43A6 /* Sources */,
				021964B02094333F009A43A6 /* Frameworks */,
				021964B12094333F009A43A6 /* Resources */,
			);
			buildRules = (
			);
			dependencies = (
			);
			name = Plants;
			productName = Plants;
			productReference = 021964B32094333F009A43A6 /* Plants.app */;
			productType = "com.apple.product-type.application";
		};
		021964C62094333F009A43A6 /* PlantsTests */ = {
			isa = PBXNativeTarget;
			buildConfigurationList = 021964DE2094333F009A43A6 /* Build configuration list for PBXNativeTarget "PlantsTests" */;
			buildPhases = (
				021964C32094333F009A43A6 /* Sources */,
				021964C42094333F009A43A6 /* Frameworks */,
				021964C52094333F009A43A6 /* Resources */,
			);
			buildRules = (
			);
			dependencies = (
				021964C92094333F009A43A6 /* PBXTargetDependency */,
			);
			name = PlantsTests;
			productName = PlantsTests;
			productReference = 021964C72094333F009A43A6 /* PlantsTests.xctest */;
			productType = "com.apple.product-type.bundle.unit-test";
		};
		021964D12094333F009A43A6 /* PlantsUITests */ = {
			isa = PBXNativeTarget;
			buildConfigurationList = 021964E12094333F009A43A6 /* Build configuration list for PBXNativeTarget "PlantsUITests" */;
			buildPhases = (
				021964CE2094333F009A43A6 /* Sources */,
				021964CF2094333F009A43A6 /* Frameworks */,
				021964D02094333F009A43A6 /* Resources */,
			);
			buildRules = (
			);
			dependencies = (
				021964D42094333F009A43A6 /* PBXTargetDependency */,
			);
			name = PlantsUITests;
			productName = PlantsUITests;
			productReference = 021964D22094333F009A43A6 /* PlantsUITests.xctest */;
			productType = "com.apple.product-type.bundle.ui-testing";
		};
/* End PBXNativeTarget section */

/* Begin PBXProject section */
		021964AB2094333F009A43A6 /* Project object */ = {
			isa = PBXProject;
			attributes = {
				LastSwiftUpdateCheck = 0900;
				LastUpgradeCheck = 0900;
				ORGANIZATIONNAME = "Leo Huang";
				TargetAttributes = {
					021964B22094333F009A43A6 = {
						CreatedOnToolsVersion = 9.0.1;
						ProvisioningStyle = Automatic;
					};
					021964C62094333F009A43A6 = {
						CreatedOnToolsVersion = 9.0.1;
						ProvisioningStyle = Automatic;
						TestTargetID = 021964B22094333F009A43A6;
					};
					021964D12094333F009A43A6 = {
						CreatedOnToolsVersion = 9.0.1;
						ProvisioningStyle = Automatic;
						TestTargetID = 021964B22094333F009A43A6;
					};
				};
			};
			buildConfigurationList = 021964AE2094333F009A43A6 /* Build configuration list for PBXProject "Plants" */;
			compatibilityVersion = "Xcode 8.0";
			developmentRegion = en;
			hasScannedForEncodings = 0;
			knownRegions = (
				en,
				Base,
			);
			mainGroup = 021964AA2094333F009A43A6;
			productRefGroup = 021964B42094333F009A43A6 /* Products */;
			projectDirPath = "";
			projectRoot = "";
			targets = (
				021964B22094333F009A43A6 /* Plants */,
				021964C62094333F009A43A6 /* PlantsTests */,
				021964D12094333F009A43A6 /* PlantsUITests */,
			);
		};
/* End PBXProject section */

/* Begin PBXResourcesBuildPhase section */
		021964B12094333F009A43A6 /* Resources */ = {
			isa = PBXResourcesBuildPhase;
			buildActionMask = 2147483647;
			files = (
				021964C12094333F009A43A6 /* LaunchScreen.storyboard in Resources */,
				021964BE2094333F009A43A6 /* Assets.xcassets in Resources */,
				021964BC2094333F009A43A6 /* Main.storyboard in Resources */,
			);
			runOnlyForDeploymentPostprocessing = 0;
		};
		021964C52094333F009A43A6 /* Resources */ = {
			isa = PBXResourcesBuildPhase;
			buildActionMask = 2147483647;
			files = (
			);
			runOnlyForDeploymentPostprocessing = 0;
		};
		021964D02094333F009A43A6 /* Resources */ = {
			isa = PBXResourcesBuildPhase;
			buildActionMask = 2147483647;
			files = (
			);
			runOnlyForDeploymentPostprocessing = 0;
		};
/* End PBXResourcesBuildPhase section */

/* Begin PBXSourcesBuildPhase section */
		021964AF2094333F009A43A6 /* Sources */ = {
			isa = PBXSourcesBuildPhase;
			buildActionMask = 2147483647;
			files = (
				021964B92094333F009A43A6 /* ViewController.swift in Sources */,
				021964B72094333F009A43A6 /* AppDelegate.swift in Sources */,
			);
			runOnlyForDeploymentPostprocessing = 0;
		};
		021964C32094333F009A43A6 /* Sources */ = {
			isa = PBXSourcesBuildPhase;
			buildActionMask = 2147483647;
			files = (
				021964CC2094333F009A43A6 /* PlantsTests.swift in Sources */,
			);
			runOnlyForDeploymentPostprocessing = 0;
		};
		021964CE2094333F009A43A6 /* Sources */ = {
			isa = PBXSourcesBuildPhase;
			buildActionMask = 2147483647;
			files = (
				021964D72094333F009A43A6 /* PlantsUITests.swift in Sources */,
			);
			runOnlyForDeploymentPostprocessing = 0;
		};
/* End PBXSourcesBuildPhase section */

/* Begin PBXTargetDependency section */
		021964C92094333F009A43A6 /* PBXTargetDependency */ = {
			isa = PBXTargetDependency;
			target = 021964B22094333F009A43A6 /* Plants */;
			targetProxy = 021964C82094333F009A43A6 /* PBXContainerItemProxy */;
		};
		021964D42094333F009A43A6 /* PBXTargetDependency */ = {
			isa = PBXTargetDependency;
			target = 021964B22094333F009A43A6 /* Plants */;
			targetProxy = 021964D32094333F009A43A6 /* PBXContainerItemProxy */;
		};
/* End PBXTargetDependency section */

/* Begin PBXVariantGroup section */
		021964BA2094333F009A43A6 /* Main.storyboard */ = {
			isa = PBXVariantGroup;
			children = (
				021964BB2094333F009A43A6 /* Base */,
			);
			name = Main.storyboard;
			sourceTree = "<group>";
		};
		021964BF2094333F009A43A6 /* LaunchScreen.storyboard */ = {
			isa = PBXVariantGroup;
			children = (
				021964C02094333F009A43A6 /* Base */,
			);
			name = LaunchScreen.storyboard;
			sourceTree = "<group>";
		};
/* End PBXVariantGroup section */

/* Begin XCBuildConfiguration section */
		021964D92094333F009A43A6 /* Debug */ = {
			isa = XCBuildConfiguration;
			buildSettings = {
				ALWAYS_SEARCH_USER_PATHS = NO;
				CLANG_ANALYZER_NONNULL = YES;
				CLANG_ANALYZER_NUMBER_OBJECT_CONVERSION = YES_AGGRESSIVE;
				CLANG_CXX_LANGUAGE_STANDARD = "gnu++14";
				CLANG_CXX_LIBRARY = "libc++";
				CLANG_ENABLE_MODULES = YES;
				CLANG_ENABLE_OBJC_ARC = YES;
				CLANG_WARN_BLOCK_CAPTURE_AUTORELEASING = YES;
				CLANG_WARN_BOOL_CONVERSION = YES;
				CLANG_WARN_COMMA = YES;
				CLANG_WARN_CONSTANT_CONVERSION = YES;
				CLANG_WARN_DIRECT_OBJC_ISA_USAGE = YES_ERROR;
				CLANG_WARN_DOCUMENTATION_COMMENTS = YES;
				CLANG_WARN_EMPTY_BODY = YES;
				CLANG_WARN_ENUM_CONVERSION = YES;
				CLANG_WARN_INFINITE_RECURSION = YES;
				CLANG_WARN_INT_CONVERSION = YES;
				CLANG_WARN_NON_LITERAL_NULL_CONVERSION = YES;
				CLANG_WARN_OBJC_LITERAL_CONVERSION = YES;
				CLANG_WARN_OBJC_ROOT_CLASS = YES_ERROR;
				CLANG_WARN_RANGE_LOOP_ANALYSIS = YES;
				CLANG_WARN_STRICT_PROTOTYPES = YES;
				CLANG_WARN_SUSPICIOUS_MOVE = YES;
				CLANG_WARN_UNGUARDED_AVAILABILITY = YES_AGGRESSIVE;
				CLANG_WARN_UNREACHABLE_CODE = YES;
				CLANG_WARN__DUPLICATE_METHOD_MATCH = YES;
				CODE_SIGN_IDENTITY = "iPhone Developer";
				COPY_PHASE_STRIP = NO;
				DEBUG_INFORMATION_FORMAT = dwarf;
				ENABLE_STRICT_OBJC_MSGSEND = YES;
				ENABLE_TESTABILITY = YES;
				GCC_C_LANGUAGE_STANDARD = gnu11;
				GCC_DYNAMIC_NO_PIC = NO;
				GCC_NO_COMMON_BLOCKS = YES;
				GCC_OPTIMIZATION_LEVEL = 0;
				GCC_PREPROCESSOR_DEFINITIONS = (
					"DEBUG=1",
					"$(inherited)",
				);
				GCC_WARN_64_TO_32_BIT_CONVERSION = YES;
				GCC_WARN_ABOUT_RETURN_TYPE = YES_ERROR;
				GCC_WARN_UNDECLARED_SELECTOR = YES;
				GCC_WARN_UNINITIALIZED_AUTOS = YES_AGGRESSIVE;
				GCC_WARN_UNUSED_FUNCTION = YES;
				GCC_WARN_UNUSED_VARIABLE = YES;
				IPHONEOS_DEPLOYMENT_TARGET = 11.0;
				MTL_ENABLE_DEBUG_INFO = YES;
				ONLY_ACTIVE_ARCH = YES;
				SDKROOT = iphoneos;
				SWIFT_ACTIVE_COMPILATION_CONDITIONS = DEBUG;
				SWIFT_OPTIMIZATION_LEVEL = "-Onone";
			};
			name = Debug;
		};
		021964DA2094333F009A43A6 /* Release */ = {
			isa = XCBuildConfiguration;
			buildSettings = {
				ALWAYS_SEARCH_USER_PATHS = NO;
				CLANG_ANALYZER_NONNULL = YES;
				CLANG_ANALYZER_NUMBER_OBJECT_CONVERSION = YES_AGGRESSIVE;
				CLANG_CXX_LANGUAGE_STANDARD = "gnu++14";
				CLANG_CXX_LIBRARY = "libc++";
				CLANG_ENABLE_MODULES = YES;
				CLANG_ENABLE_OBJC_ARC = YES;
				CLANG_WARN_BLOCK_CAPTURE_AUTORELEASING = YES;
				CLANG_WARN_BOOL_CONVERSION = YES;
				CLANG_WARN_COMMA = YES;
				CLANG_WARN_CONSTANT_CONVERSION = YES;
				CLANG_WARN_DIRECT_OBJC_ISA_USAGE = YES_ERROR;
				CLANG_WARN_DOCUMENTATION_COMMENTS = YES;
				CLANG_WARN_EMPTY_BODY = YES;
				CLANG_WARN_ENUM_CONVERSION = YES;
				CLANG_WARN_INFINITE_RECURSION = YES;
				CLANG_WARN_INT_CONVERSION = YES;
				CLANG_WARN_NON_LITERAL_NULL_CONVERSION = YES;
				CLANG_WARN_OBJC_LITERAL_CONVERSION = YES;
				CLANG_WARN_OBJC_ROOT_CLASS = YES_ERROR;
				CLANG_WARN_RANGE_LOOP_ANALYSIS = YES;
				CLANG_WARN_STRICT_PROTOTYPES = YES;
				CLANG_WARN_SUSPICIOUS_MOVE = YES;
				CLANG_WARN_UNGUARDED_AVAILABILITY = YES_AGGRESSIVE;
				CLANG_WARN_UNREACHABLE_CODE = YES;
				CLANG_WARN__DUPLICATE_METHOD_MATCH = YES;
				CODE_SIGN_IDENTITY = "iPhone Developer";
				COPY_PHASE_STRIP = NO;
				DEBUG_INFORMATION_FORMAT = "dwarf-with-dsym";
				ENABLE_NS_ASSERTIONS = NO;
				ENABLE_STRICT_OBJC_MSGSEND = YES;
				GCC_C_LANGUAGE_STANDARD = gnu11;
				GCC_NO_COMMON_BLOCKS = YES;
				GCC_WARN_64_TO_32_BIT_CONVERSION = YES;
				GCC_WARN_ABOUT_RETURN_TYPE = YES_ERROR;
				GCC_WARN_UNDECLARED_SELECTOR = YES;
				GCC_WARN_UNINITIALIZED_AUTOS = YES_AGGRESSIVE;
				GCC_WARN_UNUSED_FUNCTION = YES;
				GCC_WARN_UNUSED_VARIABLE = YES;
				IPHONEOS_DEPLOYMENT_TARGET = 11.0;
				MTL_ENABLE_DEBUG_INFO = NO;
				SDKROOT = iphoneos;
				SWIFT_OPTIMIZATION_LEVEL = "-Owholemodule";
				VALIDATE_PRODUCT = YES;
			};
			name = Release;
		};
		021964DC2094333F009A43A6 /* Debug */ = {
			isa = XCBuildConfiguration;
			buildSettings = {
				ASSETCATALOG_COMPILER_APPICON_NAME = AppIcon;
				CODE_SIGN_STYLE = Automatic;
				DEVELOPMENT_TEAM = J9V5NC69NK;
				INFOPLIST_FILE = Plants/Info.plist;
				LD_RUNPATH_SEARCH_PATHS = "$(inherited) @executable_path/Frameworks";
				PRODUCT_BUNDLE_IDENTIFIER = com.ECOSoft.Plants.Plants;
				PRODUCT_NAME = "$(TARGET_NAME)";
				SWIFT_VERSION = 4.0;
				TARGETED_DEVICE_FAMILY = "1,2";
			};
			name = Debug;
		};
		021964DD2094333F009A43A6 /* Release */ = {
			isa = XCBuildConfiguration;
			buildSettings = {
				ASSETCATALOG_COMPILER_APPICON_NAME = AppIcon;
				CODE_SIGN_STYLE = Automatic;
				DEVELOPMENT_TEAM = J9V5NC69NK;
				INFOPLIST_FILE = Plants/Info.plist;
				LD_RUNPATH_SEARCH_PATHS = "$(inherited) @executable_path/Frameworks";
				PRODUCT_BUNDLE_IDENTIFIER = com.ECOSoft.Plants.Plants;
				PRODUCT_NAME = "$(TARGET_NAME)";
				SWIFT_VERSION = 4.0;
				TARGETED_DEVICE_FAMILY = "1,2";
			};
			name = Release;
		};
		021964DF2094333F009A43A6 /* Debug */ = {
			isa = XCBuildConfiguration;
			buildSettings = {
				ALWAYS_EMBED_SWIFT_STANDARD_LIBRARIES = YES;
				BUNDLE_LOADER = "$(TEST_HOST)";
				CODE_SIGN_STYLE = Automatic;
				DEVELOPMENT_TEAM = J9V5NC69NK;
				INFOPLIST_FILE = PlantsTests/Info.plist;
				LD_RUNPATH_SEARCH_PATHS = "$(inherited) @executable_path/Frameworks @loader_path/Frameworks";
				PRODUCT_BUNDLE_IDENTIFIER = com.ECOSoft.Plants.PlantsTests;
				PRODUCT_NAME = "$(TARGET_NAME)";
				SWIFT_VERSION = 4.0;
				TARGETED_DEVICE_FAMILY = "1,2";
				TEST_HOST = "$(BUILT_PRODUCTS_DIR)/Plants.app/Plants";
			};
			name = Debug;
		};
		021964E02094333F009A43A6 /* Release */ = {
			isa = XCBuildConfiguration;
			buildSettings = {
				ALWAYS_EMBED_SWIFT_STANDARD_LIBRARIES = YES;
				BUNDLE_LOADER = "$(TEST_HOST)";
				CODE_SIGN_STYLE = Automatic;
				DEVELOPMENT_TEAM = J9V5NC69NK;
				INFOPLIST_FILE = PlantsTests/Info.plist;
				LD_RUNPATH_SEARCH_PATHS = "$(inherited) @executable_path/Frameworks @loader_path/Frameworks";
				PRODUCT_BUNDLE_IDENTIFIER = com.ECOSoft.Plants.PlantsTests;
				PRODUCT_NAME = "$(TARGET_NAME)";
				SWIFT_VERSION = 4.0;
				TARGETED_DEVICE_FAMILY = "1,2";
				TEST_HOST = "$(BUILT_PRODUCTS_DIR)/Plants.app/Plants";
			};
			name = Release;
		};
		021964E22094333F009A43A6 /* Debug */ = {
			isa = XCBuildConfiguration;
			buildSettings = {
				ALWAYS_EMBED_SWIFT_STANDARD_LIBRARIES = YES;
				CODE_SIGN_STYLE = Automatic;
				DEVELOPMENT_TEAM = J9V5NC69NK;
				INFOPLIST_FILE = PlantsUITests/Info.plist;
				LD_RUNPATH_SEARCH_PATHS = "$(inherited) @executable_path/Frameworks @loader_path/Frameworks";
				PRODUCT_BUNDLE_IDENTIFIER = com.ECOSoft.Plants.PlantsUITests;
				PRODUCT_NAME = "$(TARGET_NAME)";
				SWIFT_VERSION = 4.0;
				TARGETED_DEVICE_FAMILY = "1,2";
				TEST_TARGET_NAME = Plants;
			};
			name = Debug;
		};
		021964E32094333F009A43A6 /* Release */ = {
			isa = XCBuildConfiguration;
			buildSettings = {
				ALWAYS_EMBED_SWIFT_STANDARD_LIBRARIES = YES;
				CODE_SIGN_STYLE = Automatic;
				DEVELOPMENT_TEAM = J9V5NC69NK;
				INFOPLIST_FILE = PlantsUITests/Info.plist;
				LD_RUNPATH_SEARCH_PATHS = "$(inherited) @executable_path/Frameworks @loader_path/Frameworks";
				PRODUCT_BUNDLE_IDENTIFIER = com.ECOSoft.Plants.PlantsUITests;
				PRODUCT_NAME = "$(TARGET_NAME)";
				SWIFT_VERSION = 4.0;
				TARGETED_DEVICE_FAMILY = "1,2";
				TEST_TARGET_NAME = Plants;
			};
			name = Release;
		};
/* End XCBuildConfiguration section */

/* Begin XCConfigurationList section */
		021964AE2094333F009A43A6 /* Build configuration list for PBXProject "Plants" */ = {
			isa = XCConfigurationList;
			buildConfigurations = (
				021964D92094333F009A43A6 /* Debug */,
				021964DA2094333F009A43A6 /* Release */,
			);
			defaultConfigurationIsVisible = 0;
			defaultConfigurationName = Release;
		};
		021964DB2094333F009A43A6 /* Build configuration list for PBXNativeTarget "Plants" */ = {
			isa = XCConfigurationList;
			buildConfigurations = (
				021964DC2094333F009A43A6 /* Debug */,
				021964DD2094333F009A43A6 /* Release */,
			);
			defaultConfigurationIsVisible = 0;
			defaultConfigurationName = Release;
		};
		021964DE2094333F009A43A6 /* Build configuration list for PBXNativeTarget "PlantsTests" */ = {
			isa = XCConfigurationList;
			buildConfigurations = (
				021964DF2094333F009A43A6 /* Debug */,
				021964E02094333F009A43A6 /* Release */,
			);
			defaultConfigurationIsVisible = 0;
			defaultConfigurationName = Release;
		};
		021964E12094333F009A43A6 /* Build configuration list for PBXNativeTarget "PlantsUITests" */ = {
			isa = XCConfigurationList;
			buildConfigurations = (
				021964E22094333F009A43A6 /* Debug */,
				021964E32094333F009A43A6 /* Release */,
			);
			defaultConfigurationIsVisible = 0;
			defaultConfigurationName = Release;
		};
/* End XCConfigurationList section */
	};
	rootObject = 021964AB2094333F009A43A6 /* Project object */;
}
